
Microsoft Visual Studio Solution File, Format Version 12.00
# Visual Studio 2012
Project("{FAE04EC0-301F-11D3-BF4B-00C04F79EFBC}") = "01.DescribeStringsInCSharp", "01.DescribeStringsInCSharp\01.DescribeStringsInCSharp.csproj", "{B71F8086-00B9-491D-9A4F-FEE49AE62DF7}"
EndProject
Project("{FAE04EC0-301F-11D3-BF4B-00C04F79EFBC}") = "02.ReverseString", "02.ReverseString\02.ReverseString.csproj", "{D0885205-04EC-42A2-A92D-5211D22F3040}"
EndProject
Project("{FAE04EC0-301F-11D3-BF4B-00C04F79EFBC}") = "03.Brackets", "03.Brackets\03.Brackets.csproj", "{E068CE29-7DD2-4E3C-ACD4-6E85E7D72B4A}"
EndProject
Project("{FAE04EC0-301F-11D3-BF4B-00C04F79EFBC}") = "04.ContainedSubstring", "04.ContainedSubstring\04.ContainedSubstring.csproj", "{0894CBDB-9E7E-47C6-9C14-B5F1D768B870}"
EndProject
Project("{FAE04EC0-301F-11D3-BF4B-00C04F79EFBC}") = "05.UpcaseTag", "05.UpcaseTag\05.UpcaseTag.csproj", "{1F71D687-EA4D-44B4-9DCA-BA48FBE3A24C}"
EndProject
Project("{FAE04EC0-301F-11D3-BF4B-00C04F79EFBC}") = "06.PrintStringWithLength20", "06.PrintStringWithLength20\06.PrintStringWithLength20.csproj", "{25CA524B-78B4-4868-96F9-60CB23DA1615}"
EndProject
Project("{FAE04EC0-301F-11D3-BF4B-00C04F79EFBC}") = "07.EncodingDecodingOfAMessage", "07.EncodingDecodingOfAMessage\07.EncodingDecodingOfAMessage.csproj", "{FB82B5DA-C06C-4E3D-9054-A9924F8958E4}"
EndProject
Project("{FAE04EC0-301F-11D3-BF4B-00C04F79EFBC}") = "08.ExtractSentance", "08.ExtractSentance\08.ExtractSentance.csproj", "{9BD17916-561F-4739-AB6E-5C35F1A7C591}"
EndProject
Project("{FAE04EC0-301F-11D3-BF4B-00C04F79EFBC}") = "09.ForbiddenWords", "09.ForbiddenWords\09.ForbiddenWords.csproj", "{67F3397D-D65B-4E31-B0B9-602B839BADB2}"
EndProject
Project("{FAE04EC0-301F-11D3-BF4B-00C04F79EFBC}") = "10.StringToUnicodeChars", "10.StringToUnicodeChars\10.StringToUnicodeChars.csproj", "{86F19070-83A6-4FCE-AA3A-7F3072E27378}"
EndProject
Project("{FAE04EC0-301F-11D3-BF4B-00C04F79EFBC}") = "11.ReadAndPrintNumber", "11.ReadAndPrintNumber\11.ReadAndPrintNumber.csproj", "{0B47B257-A50F-4858-9A78-323221C27CAC}"
EndProject
Project("{FAE04EC0-301F-11D3-BF4B-00C04F79EFBC}") = "12.ParseURLAddress", "12.ParseURLAddress\12.ParseURLAddress.csproj", "{9099CB3B-1059-44E5-B45B-CD71990003CA}"
EndProject
Project("{FAE04EC0-301F-11D3-BF4B-00C04F79EFBC}") = "13.ReverseWordsInSentance", "13.ReverseWordsInSentance\13.ReverseWordsInSentance.csproj", "{A0B3FC7C-7731-498A-9017-7FF4ABE18E72}"
EndProject
Project("{FAE04EC0-301F-11D3-BF4B-00C04F79EFBC}") = "14.Dictionary", "14.Dictionary\14.Dictionary.csproj", "{524380C6-B649-431A-9B8D-7FE529ED2741}"
EndProject
Project("{FAE04EC0-301F-11D3-BF4B-00C04F79EFBC}") = "15.ReplaceTagsInHTMLFragment", "15.ReplaceTagsInHTMLFragment\15.ReplaceTagsInHTMLFragment.csproj", "{47ABFF77-CE6B-41C4-8443-4252C320FBDB}"
EndProject
Project("{FAE04EC0-301F-11D3-BF4B-00C04F79EFBC}") = "16.DaysBetweenDates", "16.DaysBetweenDates\16.DaysBetweenDates.csproj", "{330E9F65-03D8-4B9A-B547-C76B0433BEE7}"
EndProject
Project("{FAE04EC0-301F-11D3-BF4B-00C04F79EFBC}") = "17.LongDataAndDay", "17.LongDataAndDay\17.LongDataAndDay.csproj", "{09A5CF63-1B40-4DD6-B2A0-6C361776CD4B}"
EndProject
Project("{FAE04EC0-301F-11D3-BF4B-00C04F79EFBC}") = "18.ExtractEmails", "18.ExtractEmails\18.ExtractEmails.csproj", "{86651922-D07D-4037-B408-33662C83F8BD}"
EndProject
Project("{FAE04EC0-301F-11D3-BF4B-00C04F79EFBC}") = "19.Extractdates", "19.Extractdates\19.Extractdates.csproj", "{1786E2AC-9D61-4D18-968B-41D5B00B066B}"
EndProject
Project("{FAE04EC0-301F-11D3-BF4B-00C04F79EFBC}") = "20.Palindromes", "20.Palindromes\20.Palindromes.csproj", "{E2B983C6-2D18-4733-8463-03CC80B35E05}"
EndProject
Project("{FAE04EC0-301F-11D3-BF4B-00C04F79EFBC}") = "21.UsedLettersInString", "21.UsedLettersInString\21.UsedLettersInString.csproj", "{57A451D8-0EDA-4363-82BB-6F4BC480CBC5}"
EndProject
Project("{FAE04EC0-301F-11D3-BF4B-00C04F79EFBC}") = "22.UsedWordsInString", "22.UsedWordsInString\22.UsedWordsInString.csproj", "{FFC97E4D-9070-4B09-AD37-93D6293DD95E}"
EndProject
Project("{FAE04EC0-301F-11D3-BF4B-00C04F79EFBC}") = "23.ReplaceIdenticalLetters", "23.ReplaceIdenticalLetters\23.ReplaceIdenticalLetters.csproj", "{DF9DFD95-56DA-45B1-AF68-B3C52FBC0179}"
EndProject
Project("{FAE04EC0-301F-11D3-BF4B-00C04F79EFBC}") = "24.AlphabeticalOrderOfWords", "24.AlphabeticalOrderOfWords\24.AlphabeticalOrderOfWords.csproj", "{8042B7DC-6214-41FF-8516-948C741B2E31}"
EndProject
Project("{FAE04EC0-301F-11D3-BF4B-00C04F79EFBC}") = "25.ExtractTextFromHTML", "25.ExtractTextFromHTML\25.ExtractTextFromHTML.csproj", "{CDB1BEAC-5553-412A-8663-E03512395D1C}"
EndProject
Global
	GlobalSection(SolutionConfigurationPlatforms) = preSolution
		Debug|Any CPU = Debug|Any CPU
		Release|Any CPU = Release|Any CPU
	EndGlobalSection
	GlobalSection(ProjectConfigurationPlatforms) = postSolution
		{B71F8086-00B9-491D-9A4F-FEE49AE62DF7}.Debug|Any CPU.ActiveCfg = Debug|Any CPU
		{B71F8086-00B9-491D-9A4F-FEE49AE62DF7}.Debug|Any CPU.Build.0 = Debug|Any CPU
		{B71F8086-00B9-491D-9A4F-FEE49AE62DF7}.Release|Any CPU.ActiveCfg = Release|Any CPU
		{B71F8086-00B9-491D-9A4F-FEE49AE62DF7}.Release|Any CPU.Build.0 = Release|Any CPU
		{D0885205-04EC-42A2-A92D-5211D22F3040}.Debug|Any CPU.ActiveCfg = Debug|Any CPU
		{D0885205-04EC-42A2-A92D-5211D22F3040}.Debug|Any CPU.Build.0 = Debug|Any CPU
		{D0885205-04EC-42A2-A92D-5211D22F3040}.Release|Any CPU.ActiveCfg = Release|Any CPU
		{D0885205-04EC-42A2-A92D-5211D22F3040}.Release|Any CPU.Build.0 = Release|Any CPU
		{E068CE29-7DD2-4E3C-ACD4-6E85E7D72B4A}.Debug|Any CPU.ActiveCfg = Debug|Any CPU
		{E068CE29-7DD2-4E3C-ACD4-6E85E7D72B4A}.Debug|Any CPU.Build.0 = Debug|Any CPU
		{E068CE29-7DD2-4E3C-ACD4-6E85E7D72B4A}.Release|Any CPU.ActiveCfg = Release|Any CPU
		{E068CE29-7DD2-4E3C-ACD4-6E85E7D72B4A}.Release|Any CPU.Build.0 = Release|Any CPU
		{0894CBDB-9E7E-47C6-9C14-B5F1D768B870}.Debug|Any CPU.ActiveCfg = Debug|Any CPU
		{0894CBDB-9E7E-47C6-9C14-B5F1D768B870}.Debug|Any CPU.Build.0 = Debug|Any CPU
		{0894CBDB-9E7E-47C6-9C14-B5F1D768B870}.Release|Any CPU.ActiveCfg = Release|Any CPU
		{0894CBDB-9E7E-47C6-9C14-B5F1D768B870}.Release|Any CPU.Build.0 = Release|Any CPU
		{1F71D687-EA4D-44B4-9DCA-BA48FBE3A24C}.Debug|Any CPU.ActiveCfg = Debug|Any CPU
		{1F71D687-EA4D-44B4-9DCA-BA48FBE3A24C}.Debug|Any CPU.Build.0 = Debug|Any CPU
		{1F71D687-EA4D-44B4-9DCA-BA48FBE3A24C}.Release|Any CPU.ActiveCfg = Release|Any CPU
		{1F71D687-EA4D-44B4-9DCA-BA48FBE3A24C}.Release|Any CPU.Build.0 = Release|Any CPU
		{25CA524B-78B4-4868-96F9-60CB23DA1615}.Debug|Any CPU.ActiveCfg = Debug|Any CPU
		{25CA524B-78B4-4868-96F9-60CB23DA1615}.Debug|Any CPU.Build.0 = Debug|Any CPU
		{25CA524B-78B4-4868-96F9-60CB23DA1615}.Release|Any CPU.ActiveCfg = Release|Any CPU
		{25CA524B-78B4-4868-96F9-60CB23DA1615}.Release|Any CPU.Build.0 = Release|Any CPU
		{FB82B5DA-C06C-4E3D-9054-A9924F8958E4}.Debug|Any CPU.ActiveCfg = Debug|Any CPU
		{FB82B5DA-C06C-4E3D-9054-A9924F8958E4}.Debug|Any CPU.Build.0 = Debug|Any CPU
		{FB82B5DA-C06C-4E3D-9054-A9924F8958E4}.Release|Any CPU.ActiveCfg = Release|Any CPU
		{FB82B5DA-C06C-4E3D-9054-A9924F8958E4}.Release|Any CPU.Build.0 = Release|Any CPU
		{9BD17916-561F-4739-AB6E-5C35F1A7C591}.Debug|Any CPU.ActiveCfg = Debug|Any CPU
		{9BD17916-561F-4739-AB6E-5C35F1A7C591}.Debug|Any CPU.Build.0 = Debug|Any CPU
		{9BD17916-561F-4739-AB6E-5C35F1A7C591}.Release|Any CPU.ActiveCfg = Release|Any CPU
		{9BD17916-561F-4739-AB6E-5C35F1A7C591}.Release|Any CPU.Build.0 = Release|Any CPU
		{67F3397D-D65B-4E31-B0B9-602B839BADB2}.Debug|Any CPU.ActiveCfg = Debug|Any CPU
		{67F3397D-D65B-4E31-B0B9-602B839BADB2}.Debug|Any CPU.Build.0 = Debug|Any CPU
		{67F3397D-D65B-4E31-B0B9-602B839BADB2}.Release|Any CPU.ActiveCfg = Release|Any CPU
		{67F3397D-D65B-4E31-B0B9-602B839BADB2}.Release|Any CPU.Build.0 = Release|Any CPU
		{86F19070-83A6-4FCE-AA3A-7F3072E27378}.Debug|Any CPU.ActiveCfg = Debug|Any CPU
		{86F19070-83A6-4FCE-AA3A-7F3072E27378}.Debug|Any CPU.Build.0 = Debug|Any CPU
		{86F19070-83A6-4FCE-AA3A-7F3072E27378}.Release|Any CPU.ActiveCfg = Release|Any CPU
		{86F19070-83A6-4FCE-AA3A-7F3072E27378}.Release|Any CPU.Build.0 = Release|Any CPU
		{0B47B257-A50F-4858-9A78-323221C27CAC}.Debug|Any CPU.ActiveCfg = Debug|Any CPU
		{0B47B257-A50F-4858-9A78-323221C27CAC}.Debug|Any CPU.Build.0 = Debug|Any CPU
		{0B47B257-A50F-4858-9A78-323221C27CAC}.Release|Any CPU.ActiveCfg = Release|Any CPU
		{0B47B257-A50F-4858-9A78-323221C27CAC}.Release|Any CPU.Build.0 = Release|Any CPU
		{9099CB3B-1059-44E5-B45B-CD71990003CA}.Debug|Any CPU.ActiveCfg = Debug|Any CPU
		{9099CB3B-1059-44E5-B45B-CD71990003CA}.Debug|Any CPU.Build.0 = Debug|Any CPU
		{9099CB3B-1059-44E5-B45B-CD71990003CA}.Release|Any CPU.ActiveCfg = Release|Any CPU
		{9099CB3B-1059-44E5-B45B-CD71990003CA}.Release|Any CPU.Build.0 = Release|Any CPU
		{A0B3FC7C-7731-498A-9017-7FF4ABE18E72}.Debug|Any CPU.ActiveCfg = Debug|Any CPU
		{A0B3FC7C-7731-498A-9017-7FF4ABE18E72}.Debug|Any CPU.Build.0 = Debug|Any CPU
		{A0B3FC7C-7731-498A-9017-7FF4ABE18E72}.Release|Any CPU.ActiveCfg = Release|Any CPU
		{A0B3FC7C-7731-498A-9017-7FF4ABE18E72}.Release|Any CPU.Build.0 = Release|Any CPU
		{524380C6-B649-431A-9B8D-7FE529ED2741}.Debug|Any CPU.ActiveCfg = Debug|Any CPU
		{524380C6-B649-431A-9B8D-7FE529ED2741}.Debug|Any CPU.Build.0 = Debug|Any CPU
		{524380C6-B649-431A-9B8D-7FE529ED2741}.Release|Any CPU.ActiveCfg = Release|Any CPU
		{524380C6-B649-431A-9B8D-7FE529ED2741}.Release|Any CPU.Build.0 = Release|Any CPU
		{47ABFF77-CE6B-41C4-8443-4252C320FBDB}.Debug|Any CPU.ActiveCfg = Debug|Any CPU
		{47ABFF77-CE6B-41C4-8443-4252C320FBDB}.Debug|Any CPU.Build.0 = Debug|Any CPU
		{47ABFF77-CE6B-41C4-8443-4252C320FBDB}.Release|Any CPU.ActiveCfg = Release|Any CPU
		{47ABFF77-CE6B-41C4-8443-4252C320FBDB}.Release|Any CPU.Build.0 = Release|Any CPU
		{330E9F65-03D8-4B9A-B547-C76B0433BEE7}.Debug|Any CPU.ActiveCfg = Debug|Any CPU
		{330E9F65-03D8-4B9A-B547-C76B0433BEE7}.Debug|Any CPU.Build.0 = Debug|Any CPU
		{330E9F65-03D8-4B9A-B547-C76B0433BEE7}.Release|Any CPU.ActiveCfg = Release|Any CPU
		{330E9F65-03D8-4B9A-B547-C76B0433BEE7}.Release|Any CPU.Build.0 = Release|Any CPU
		{09A5CF63-1B40-4DD6-B2A0-6C361776CD4B}.Debug|Any CPU.ActiveCfg = Debug|Any CPU
		{09A5CF63-1B40-4DD6-B2A0-6C361776CD4B}.Debug|Any CPU.Build.0 = Debug|Any CPU
		{09A5CF63-1B40-4DD6-B2A0-6C361776CD4B}.Release|Any CPU.ActiveCfg = Release|Any CPU
		{09A5CF63-1B40-4DD6-B2A0-6C361776CD4B}.Release|Any CPU.Build.0 = Release|Any CPU
		{86651922-D07D-4037-B408-33662C83F8BD}.Debug|Any CPU.ActiveCfg = Debug|Any CPU
		{86651922-D07D-4037-B408-33662C83F8BD}.Debug|Any CPU.Build.0 = Debug|Any CPU
		{86651922-D07D-4037-B408-33662C83F8BD}.Release|Any CPU.ActiveCfg = Release|Any CPU
		{86651922-D07D-4037-B408-33662C83F8BD}.Release|Any CPU.Build.0 = Release|Any CPU
		{1786E2AC-9D61-4D18-968B-41D5B00B066B}.Debug|Any CPU.ActiveCfg = Debug|Any CPU
		{1786E2AC-9D61-4D18-968B-41D5B00B066B}.Debug|Any CPU.Build.0 = Debug|Any CPU
		{1786E2AC-9D61-4D18-968B-41D5B00B066B}.Release|Any CPU.ActiveCfg = Release|Any CPU
		{1786E2AC-9D61-4D18-968B-41D5B00B066B}.Release|Any CPU.Build.0 = Release|Any CPU
		{E2B983C6-2D18-4733-8463-03CC80B35E05}.Debug|Any CPU.ActiveCfg = Debug|Any CPU
		{E2B983C6-2D18-4733-8463-03CC80B35E05}.Debug|Any CPU.Build.0 = Debug|Any CPU
		{E2B983C6-2D18-4733-8463-03CC80B35E05}.Release|Any CPU.ActiveCfg = Release|Any CPU
		{E2B983C6-2D18-4733-8463-03CC80B35E05}.Release|Any CPU.Build.0 = Release|Any CPU
		{57A451D8-0EDA-4363-82BB-6F4BC480CBC5}.Debug|Any CPU.ActiveCfg = Debug|Any CPU
		{57A451D8-0EDA-4363-82BB-6F4BC480CBC5}.Debug|Any CPU.Build.0 = Debug|Any CPU
		{57A451D8-0EDA-4363-82BB-6F4BC480CBC5}.Release|Any CPU.ActiveCfg = Release|Any CPU
		{57A451D8-0EDA-4363-82BB-6F4BC480CBC5}.Release|Any CPU.Build.0 = Release|Any CPU
		{FFC97E4D-9070-4B09-AD37-93D6293DD95E}.Debug|Any CPU.ActiveCfg = Debug|Any CPU
		{FFC97E4D-9070-4B09-AD37-93D6293DD95E}.Debug|Any CPU.Build.0 = Debug|Any CPU
		{FFC97E4D-9070-4B09-AD37-93D6293DD95E}.Release|Any CPU.ActiveCfg = Release|Any CPU
		{FFC97E4D-9070-4B09-AD37-93D6293DD95E}.Release|Any CPU.Build.0 = Release|Any CPU
		{DF9DFD95-56DA-45B1-AF68-B3C52FBC0179}.Debug|Any CPU.ActiveCfg = Debug|Any CPU
		{DF9DFD95-56DA-45B1-AF68-B3C52FBC0179}.Debug|Any CPU.Build.0 = Debug|Any CPU
		{DF9DFD95-56DA-45B1-AF68-B3C52FBC0179}.Release|Any CPU.ActiveCfg = Release|Any CPU
		{DF9DFD95-56DA-45B1-AF68-B3C52FBC0179}.Release|Any CPU.Build.0 = Release|Any CPU
		{8042B7DC-6214-41FF-8516-948C741B2E31}.Debug|Any CPU.ActiveCfg = Debug|Any CPU
		{8042B7DC-6214-41FF-8516-948C741B2E31}.Debug|Any CPU.Build.0 = Debug|Any CPU
		{8042B7DC-6214-41FF-8516-948C741B2E31}.Release|Any CPU.ActiveCfg = Release|Any CPU
		{8042B7DC-6214-41FF-8516-948C741B2E31}.Release|Any CPU.Build.0 = Release|Any CPU
		{CDB1BEAC-5553-412A-8663-E03512395D1C}.Debug|Any CPU.ActiveCfg = Debug|Any CPU
		{CDB1BEAC-5553-412A-8663-E03512395D1C}.Debug|Any CPU.Build.0 = Debug|Any CPU
		{CDB1BEAC-5553-412A-8663-E03512395D1C}.Release|Any CPU.ActiveCfg = Release|Any CPU
		{CDB1BEAC-5553-412A-8663-E03512395D1C}.Release|Any CPU.Build.0 = Release|Any CPU
	EndGlobalSection
	GlobalSection(SolutionProperties) = preSolution
		HideSolutionNode = FALSE
	EndGlobalSection
EndGlobal
