
Microsoft Visual Studio Solution File, Format Version 12.00
# Visual Studio 2013
VisualStudioVersion = 12.0.20827.3
MinimumVisualStudioVersion = 10.0.40219.1
Project("{FAE04EC0-301F-11D3-BF4B-00C04F79EFBC}") = "1.SubstringExtension", "1.SubstringExtension\1.SubstringExtension.csproj", "{881FD951-B16D-48B3-9D4E-C7058CE74353}"
EndProject
Project("{FAE04EC0-301F-11D3-BF4B-00C04F79EFBC}") = "2.IEnumerableExtensions", "2.IEnumerableExtensions\2.IEnumerableExtensions.csproj", "{7C6E641F-5F72-4464-AF2F-ADBE87E24FEA}"
EndProject
Project("{FAE04EC0-301F-11D3-BF4B-00C04F79EFBC}") = "3.StudentNames", "3.StudentNames\3.StudentNames.csproj", "{0FCA8FE4-3748-4B38-88DC-3877DA47A036}"
EndProject
Project("{FAE04EC0-301F-11D3-BF4B-00C04F79EFBC}") = "4.NamesIfCorrectAge", "4.NamesIfCorrectAge\4.NamesIfCorrectAge.csproj", "{F347A6EA-CBB7-4C9A-8036-C0346998F752}"
EndProject
Project("{FAE04EC0-301F-11D3-BF4B-00C04F79EFBC}") = "5.OrderDescendingNames", "5.OrderDescendingNames\5.OrderDescendingNames.csproj", "{81ADF4E3-8B0E-41D3-BEFF-6F96CD7CF53B}"
EndProject
Project("{FAE04EC0-301F-11D3-BF4B-00C04F79EFBC}") = "6.DivisibleBy7and3", "6.DivisibleBy7and3\6.DivisibleBy7and3.csproj", "{32C6AB85-7EEC-4438-852E-2B91477606A3}"
EndProject
Project("{FAE04EC0-301F-11D3-BF4B-00C04F79EFBC}") = "7.Delegate", "Delegate\7.Delegate.csproj", "{90197E94-1E47-45A7-9679-A2A1BD3CA9E4}"
EndProject
Project("{FAE04EC0-301F-11D3-BF4B-00C04F79EFBC}") = "8.Events", "8.Events\8.Events.csproj", "{C0F8A523-F517-4037-8599-63D4A5F86FBE}"
EndProject
Global
	GlobalSection(SolutionConfigurationPlatforms) = preSolution
		Debug|Any CPU = Debug|Any CPU
		Release|Any CPU = Release|Any CPU
	EndGlobalSection
	GlobalSection(ProjectConfigurationPlatforms) = postSolution
		{881FD951-B16D-48B3-9D4E-C7058CE74353}.Debug|Any CPU.ActiveCfg = Debug|Any CPU
		{881FD951-B16D-48B3-9D4E-C7058CE74353}.Debug|Any CPU.Build.0 = Debug|Any CPU
		{881FD951-B16D-48B3-9D4E-C7058CE74353}.Release|Any CPU.ActiveCfg = Release|Any CPU
		{881FD951-B16D-48B3-9D4E-C7058CE74353}.Release|Any CPU.Build.0 = Release|Any CPU
		{7C6E641F-5F72-4464-AF2F-ADBE87E24FEA}.Debug|Any CPU.ActiveCfg = Debug|Any CPU
		{7C6E641F-5F72-4464-AF2F-ADBE87E24FEA}.Debug|Any CPU.Build.0 = Debug|Any CPU
		{7C6E641F-5F72-4464-AF2F-ADBE87E24FEA}.Release|Any CPU.ActiveCfg = Release|Any CPU
		{7C6E641F-5F72-4464-AF2F-ADBE87E24FEA}.Release|Any CPU.Build.0 = Release|Any CPU
		{0FCA8FE4-3748-4B38-88DC-3877DA47A036}.Debug|Any CPU.ActiveCfg = Debug|Any CPU
		{0FCA8FE4-3748-4B38-88DC-3877DA47A036}.Debug|Any CPU.Build.0 = Debug|Any CPU
		{0FCA8FE4-3748-4B38-88DC-3877DA47A036}.Release|Any CPU.ActiveCfg = Release|Any CPU
		{0FCA8FE4-3748-4B38-88DC-3877DA47A036}.Release|Any CPU.Build.0 = Release|Any CPU
		{F347A6EA-CBB7-4C9A-8036-C0346998F752}.Debug|Any CPU.ActiveCfg = Debug|Any CPU
		{F347A6EA-CBB7-4C9A-8036-C0346998F752}.Debug|Any CPU.Build.0 = Debug|Any CPU
		{F347A6EA-CBB7-4C9A-8036-C0346998F752}.Release|Any CPU.ActiveCfg = Release|Any CPU
		{F347A6EA-CBB7-4C9A-8036-C0346998F752}.Release|Any CPU.Build.0 = Release|Any CPU
		{81ADF4E3-8B0E-41D3-BEFF-6F96CD7CF53B}.Debug|Any CPU.ActiveCfg = Debug|Any CPU
		{81ADF4E3-8B0E-41D3-BEFF-6F96CD7CF53B}.Debug|Any CPU.Build.0 = Debug|Any CPU
		{81ADF4E3-8B0E-41D3-BEFF-6F96CD7CF53B}.Release|Any CPU.ActiveCfg = Release|Any CPU
		{81ADF4E3-8B0E-41D3-BEFF-6F96CD7CF53B}.Release|Any CPU.Build.0 = Release|Any CPU
		{32C6AB85-7EEC-4438-852E-2B91477606A3}.Debug|Any CPU.ActiveCfg = Debug|Any CPU
		{32C6AB85-7EEC-4438-852E-2B91477606A3}.Debug|Any CPU.Build.0 = Debug|Any CPU
		{32C6AB85-7EEC-4438-852E-2B91477606A3}.Release|Any CPU.ActiveCfg = Release|Any CPU
		{32C6AB85-7EEC-4438-852E-2B91477606A3}.Release|Any CPU.Build.0 = Release|Any CPU
		{90197E94-1E47-45A7-9679-A2A1BD3CA9E4}.Debug|Any CPU.ActiveCfg = Debug|Any CPU
		{90197E94-1E47-45A7-9679-A2A1BD3CA9E4}.Debug|Any CPU.Build.0 = Debug|Any CPU
		{90197E94-1E47-45A7-9679-A2A1BD3CA9E4}.Release|Any CPU.ActiveCfg = Release|Any CPU
		{90197E94-1E47-45A7-9679-A2A1BD3CA9E4}.Release|Any CPU.Build.0 = Release|Any CPU
		{C0F8A523-F517-4037-8599-63D4A5F86FBE}.Debug|Any CPU.ActiveCfg = Debug|Any CPU
		{C0F8A523-F517-4037-8599-63D4A5F86FBE}.Debug|Any CPU.Build.0 = Debug|Any CPU
		{C0F8A523-F517-4037-8599-63D4A5F86FBE}.Release|Any CPU.ActiveCfg = Release|Any CPU
		{C0F8A523-F517-4037-8599-63D4A5F86FBE}.Release|Any CPU.Build.0 = Release|Any CPU
	EndGlobalSection
	GlobalSection(SolutionProperties) = preSolution
		HideSolutionNode = FALSE
	EndGlobalSection
EndGlobal
