
Microsoft Visual Studio Solution File, Format Version 12.00
# Visual Studio 2012
Project("{FAE04EC0-301F-11D3-BF4B-00C04F79EFBC}") = "1.AbstractShapeClass", "1.AbstractShapeClass\1.AbstractShapeClass.csproj", "{157B0894-1885-47D3-BE74-3DD91F04F412}"
EndProject
Project("{FAE04EC0-301F-11D3-BF4B-00C04F79EFBC}") = "2.BankAccounts", "2.BankAccounts\2.BankAccounts.csproj", "{87426B44-553C-45C4-B455-AF330B78F40D}"
EndProject
Project("{FAE04EC0-301F-11D3-BF4B-00C04F79EFBC}") = "3.OutOfRangeException", "3.OutOfRangeException\3.OutOfRangeException.csproj", "{7B13A29A-8223-4899-9409-561E8F2B1454}"
EndProject
Global
	GlobalSection(SolutionConfigurationPlatforms) = preSolution
		Debug|Any CPU = Debug|Any CPU
		Release|Any CPU = Release|Any CPU
	EndGlobalSection
	GlobalSection(ProjectConfigurationPlatforms) = postSolution
		{157B0894-1885-47D3-BE74-3DD91F04F412}.Debug|Any CPU.ActiveCfg = Debug|Any CPU
		{157B0894-1885-47D3-BE74-3DD91F04F412}.Debug|Any CPU.Build.0 = Debug|Any CPU
		{157B0894-1885-47D3-BE74-3DD91F04F412}.Release|Any CPU.ActiveCfg = Release|Any CPU
		{157B0894-1885-47D3-BE74-3DD91F04F412}.Release|Any CPU.Build.0 = Release|Any CPU
		{87426B44-553C-45C4-B455-AF330B78F40D}.Debug|Any CPU.ActiveCfg = Debug|Any CPU
		{87426B44-553C-45C4-B455-AF330B78F40D}.Debug|Any CPU.Build.0 = Debug|Any CPU
		{87426B44-553C-45C4-B455-AF330B78F40D}.Release|Any CPU.ActiveCfg = Release|Any CPU
		{87426B44-553C-45C4-B455-AF330B78F40D}.Release|Any CPU.Build.0 = Release|Any CPU
		{7B13A29A-8223-4899-9409-561E8F2B1454}.Debug|Any CPU.ActiveCfg = Debug|Any CPU
		{7B13A29A-8223-4899-9409-561E8F2B1454}.Debug|Any CPU.Build.0 = Debug|Any CPU
		{7B13A29A-8223-4899-9409-561E8F2B1454}.Release|Any CPU.ActiveCfg = Release|Any CPU
		{7B13A29A-8223-4899-9409-561E8F2B1454}.Release|Any CPU.Build.0 = Release|Any CPU
	EndGlobalSection
	GlobalSection(SolutionProperties) = preSolution
		HideSolutionNode = FALSE
	EndGlobalSection
EndGlobal
