
Microsoft Visual Studio Solution File, Format Version 12.00
# Visual Studio 2012
Project("{FAE04EC0-301F-11D3-BF4B-00C04F79EFBC}") = "01.FillAndPrintMatrix", "01.FillAndPrintMatrix\01.FillAndPrintMatrix.csproj", "{CC093B82-7FC4-4D86-ACF0-3DB812818876}"
EndProject
Project("{FAE04EC0-301F-11D3-BF4B-00C04F79EFBC}") = "02.RectangularMatrix3x3", "02.RectangularMatrix3x3\02.RectangularMatrix3x3.csproj", "{A0454EF2-8DC5-4CDC-8E53-663D37307F61}"
EndProject
Project("{FAE04EC0-301F-11D3-BF4B-00C04F79EFBC}") = "03.LongestSequenceOfEqualStrings", "03.LongestSequenceOfEqualStrings\03.LongestSequenceOfEqualStrings.csproj", "{A8ED614A-8011-4FEB-A67B-C6DAEA9098E2}"
EndProject
Project("{FAE04EC0-301F-11D3-BF4B-00C04F79EFBC}") = "04.BinarySearch", "4.BinarySearch\04.BinarySearch.csproj", "{4C5C4DD3-1B43-404F-A09E-904DF4772D02}"
EndProject
Project("{FAE04EC0-301F-11D3-BF4B-00C04F79EFBC}") = "05.SortStringArray", "05.SortStringArray\05.SortStringArray.csproj", "{CF97D8E3-10D5-450B-B4CF-228617AE41CC}"
EndProject
Project("{FAE04EC0-301F-11D3-BF4B-00C04F79EFBC}") = "07.LargestArrea", "07.LargestArrea\07.LargestArrea.csproj", "{C078A18D-D5F6-4629-A5C5-4ED5BD815DAA}"
EndProject
Global
	GlobalSection(SolutionConfigurationPlatforms) = preSolution
		Debug|Any CPU = Debug|Any CPU
		Release|Any CPU = Release|Any CPU
	EndGlobalSection
	GlobalSection(ProjectConfigurationPlatforms) = postSolution
		{CC093B82-7FC4-4D86-ACF0-3DB812818876}.Debug|Any CPU.ActiveCfg = Debug|Any CPU
		{CC093B82-7FC4-4D86-ACF0-3DB812818876}.Debug|Any CPU.Build.0 = Debug|Any CPU
		{CC093B82-7FC4-4D86-ACF0-3DB812818876}.Release|Any CPU.ActiveCfg = Release|Any CPU
		{CC093B82-7FC4-4D86-ACF0-3DB812818876}.Release|Any CPU.Build.0 = Release|Any CPU
		{A0454EF2-8DC5-4CDC-8E53-663D37307F61}.Debug|Any CPU.ActiveCfg = Debug|Any CPU
		{A0454EF2-8DC5-4CDC-8E53-663D37307F61}.Debug|Any CPU.Build.0 = Debug|Any CPU
		{A0454EF2-8DC5-4CDC-8E53-663D37307F61}.Release|Any CPU.ActiveCfg = Release|Any CPU
		{A0454EF2-8DC5-4CDC-8E53-663D37307F61}.Release|Any CPU.Build.0 = Release|Any CPU
		{A8ED614A-8011-4FEB-A67B-C6DAEA9098E2}.Debug|Any CPU.ActiveCfg = Debug|Any CPU
		{A8ED614A-8011-4FEB-A67B-C6DAEA9098E2}.Debug|Any CPU.Build.0 = Debug|Any CPU
		{A8ED614A-8011-4FEB-A67B-C6DAEA9098E2}.Release|Any CPU.ActiveCfg = Release|Any CPU
		{A8ED614A-8011-4FEB-A67B-C6DAEA9098E2}.Release|Any CPU.Build.0 = Release|Any CPU
		{4C5C4DD3-1B43-404F-A09E-904DF4772D02}.Debug|Any CPU.ActiveCfg = Debug|Any CPU
		{4C5C4DD3-1B43-404F-A09E-904DF4772D02}.Debug|Any CPU.Build.0 = Debug|Any CPU
		{4C5C4DD3-1B43-404F-A09E-904DF4772D02}.Release|Any CPU.ActiveCfg = Release|Any CPU
		{4C5C4DD3-1B43-404F-A09E-904DF4772D02}.Release|Any CPU.Build.0 = Release|Any CPU
		{CF97D8E3-10D5-450B-B4CF-228617AE41CC}.Debug|Any CPU.ActiveCfg = Debug|Any CPU
		{CF97D8E3-10D5-450B-B4CF-228617AE41CC}.Debug|Any CPU.Build.0 = Debug|Any CPU
		{CF97D8E3-10D5-450B-B4CF-228617AE41CC}.Release|Any CPU.ActiveCfg = Release|Any CPU
		{CF97D8E3-10D5-450B-B4CF-228617AE41CC}.Release|Any CPU.Build.0 = Release|Any CPU
		{C078A18D-D5F6-4629-A5C5-4ED5BD815DAA}.Debug|Any CPU.ActiveCfg = Debug|Any CPU
		{C078A18D-D5F6-4629-A5C5-4ED5BD815DAA}.Debug|Any CPU.Build.0 = Debug|Any CPU
		{C078A18D-D5F6-4629-A5C5-4ED5BD815DAA}.Release|Any CPU.ActiveCfg = Release|Any CPU
		{C078A18D-D5F6-4629-A5C5-4ED5BD815DAA}.Release|Any CPU.Build.0 = Release|Any CPU
	EndGlobalSection
	GlobalSection(SolutionProperties) = preSolution
		HideSolutionNode = FALSE
	EndGlobalSection
EndGlobal
