
Microsoft Visual Studio Solution File, Format Version 12.00
# Visual Studio 2012
Project("{FAE04EC0-301F-11D3-BF4B-00C04F79EFBC}") = "01.PrintOddLines", "01.PrintOddLines\01.PrintOddLines.csproj", "{E9259496-448E-486F-BD6F-76E96D34D8A1}"
EndProject
Project("{FAE04EC0-301F-11D3-BF4B-00C04F79EFBC}") = "02.ConcatenateTwoInOne", "02.ConcatenateTwoInOne\02.ConcatenateTwoInOne.csproj", "{636E4B0E-1927-42BE-BE29-98308248D980}"
EndProject
Project("{FAE04EC0-301F-11D3-BF4B-00C04F79EFBC}") = "03.InsertLineNumber", "03.InsertLineNumber\03.InsertLineNumber.csproj", "{7797724F-95C5-476A-B106-B674F6FDD38E}"
EndProject
Project("{FAE04EC0-301F-11D3-BF4B-00C04F79EFBC}") = "04.EqualAndDifferentLines", "04.EqualAndDifferentLines\04.EqualAndDifferentLines.csproj", "{6CAA28CC-F36D-47CD-9F0A-F6961C7E820D}"
EndProject
Project("{FAE04EC0-301F-11D3-BF4B-00C04F79EFBC}") = "05.MaximalSumInMatrix", "05.MaximalSumInMatrix\05.MaximalSumInMatrix.csproj", "{F4B54781-71B5-482D-B691-D720C9E0F380}"
EndProject
Project("{FAE04EC0-301F-11D3-BF4B-00C04F79EFBC}") = "06.SortListOfStrings", "06.SortListOfStrings\06.SortListOfStrings.csproj", "{A71722A7-89E4-4E35-8237-143F6914ADF4}"
EndProject
Project("{FAE04EC0-301F-11D3-BF4B-00C04F79EFBC}") = "07.ReplaceSubstrings", "07.ReplaceSubstrings\07.ReplaceSubstrings.csproj", "{9B4D4E8E-AFAE-4F92-ACA7-9755C0DAA09D}"
EndProject
Project("{FAE04EC0-301F-11D3-BF4B-00C04F79EFBC}") = "08.ReplaceWholeWords", "08.ReplaceWholeWords\08.ReplaceWholeWords.csproj", "{525718A4-C38B-439D-9044-1EC05F90FCB6}"
EndProject
Project("{FAE04EC0-301F-11D3-BF4B-00C04F79EFBC}") = "09.RemoveOddLines", "09.RemoveOddLines\09.RemoveOddLines.csproj", "{38C7D57E-2F7D-4D88-8E07-253773DC0F10}"
EndProject
Global
	GlobalSection(SolutionConfigurationPlatforms) = preSolution
		Debug|Any CPU = Debug|Any CPU
		Release|Any CPU = Release|Any CPU
	EndGlobalSection
	GlobalSection(ProjectConfigurationPlatforms) = postSolution
		{E9259496-448E-486F-BD6F-76E96D34D8A1}.Debug|Any CPU.ActiveCfg = Debug|Any CPU
		{E9259496-448E-486F-BD6F-76E96D34D8A1}.Debug|Any CPU.Build.0 = Debug|Any CPU
		{E9259496-448E-486F-BD6F-76E96D34D8A1}.Release|Any CPU.ActiveCfg = Release|Any CPU
		{E9259496-448E-486F-BD6F-76E96D34D8A1}.Release|Any CPU.Build.0 = Release|Any CPU
		{636E4B0E-1927-42BE-BE29-98308248D980}.Debug|Any CPU.ActiveCfg = Debug|Any CPU
		{636E4B0E-1927-42BE-BE29-98308248D980}.Debug|Any CPU.Build.0 = Debug|Any CPU
		{636E4B0E-1927-42BE-BE29-98308248D980}.Release|Any CPU.ActiveCfg = Release|Any CPU
		{636E4B0E-1927-42BE-BE29-98308248D980}.Release|Any CPU.Build.0 = Release|Any CPU
		{7797724F-95C5-476A-B106-B674F6FDD38E}.Debug|Any CPU.ActiveCfg = Debug|Any CPU
		{7797724F-95C5-476A-B106-B674F6FDD38E}.Debug|Any CPU.Build.0 = Debug|Any CPU
		{7797724F-95C5-476A-B106-B674F6FDD38E}.Release|Any CPU.ActiveCfg = Release|Any CPU
		{7797724F-95C5-476A-B106-B674F6FDD38E}.Release|Any CPU.Build.0 = Release|Any CPU
		{6CAA28CC-F36D-47CD-9F0A-F6961C7E820D}.Debug|Any CPU.ActiveCfg = Debug|Any CPU
		{6CAA28CC-F36D-47CD-9F0A-F6961C7E820D}.Debug|Any CPU.Build.0 = Debug|Any CPU
		{6CAA28CC-F36D-47CD-9F0A-F6961C7E820D}.Release|Any CPU.ActiveCfg = Release|Any CPU
		{6CAA28CC-F36D-47CD-9F0A-F6961C7E820D}.Release|Any CPU.Build.0 = Release|Any CPU
		{F4B54781-71B5-482D-B691-D720C9E0F380}.Debug|Any CPU.ActiveCfg = Debug|Any CPU
		{F4B54781-71B5-482D-B691-D720C9E0F380}.Debug|Any CPU.Build.0 = Debug|Any CPU
		{F4B54781-71B5-482D-B691-D720C9E0F380}.Release|Any CPU.ActiveCfg = Release|Any CPU
		{F4B54781-71B5-482D-B691-D720C9E0F380}.Release|Any CPU.Build.0 = Release|Any CPU
		{A71722A7-89E4-4E35-8237-143F6914ADF4}.Debug|Any CPU.ActiveCfg = Debug|Any CPU
		{A71722A7-89E4-4E35-8237-143F6914ADF4}.Debug|Any CPU.Build.0 = Debug|Any CPU
		{A71722A7-89E4-4E35-8237-143F6914ADF4}.Release|Any CPU.ActiveCfg = Release|Any CPU
		{A71722A7-89E4-4E35-8237-143F6914ADF4}.Release|Any CPU.Build.0 = Release|Any CPU
		{9B4D4E8E-AFAE-4F92-ACA7-9755C0DAA09D}.Debug|Any CPU.ActiveCfg = Debug|Any CPU
		{9B4D4E8E-AFAE-4F92-ACA7-9755C0DAA09D}.Debug|Any CPU.Build.0 = Debug|Any CPU
		{9B4D4E8E-AFAE-4F92-ACA7-9755C0DAA09D}.Release|Any CPU.ActiveCfg = Release|Any CPU
		{9B4D4E8E-AFAE-4F92-ACA7-9755C0DAA09D}.Release|Any CPU.Build.0 = Release|Any CPU
		{525718A4-C38B-439D-9044-1EC05F90FCB6}.Debug|Any CPU.ActiveCfg = Debug|Any CPU
		{525718A4-C38B-439D-9044-1EC05F90FCB6}.Debug|Any CPU.Build.0 = Debug|Any CPU
		{525718A4-C38B-439D-9044-1EC05F90FCB6}.Release|Any CPU.ActiveCfg = Release|Any CPU
		{525718A4-C38B-439D-9044-1EC05F90FCB6}.Release|Any CPU.Build.0 = Release|Any CPU
		{38C7D57E-2F7D-4D88-8E07-253773DC0F10}.Debug|Any CPU.ActiveCfg = Debug|Any CPU
		{38C7D57E-2F7D-4D88-8E07-253773DC0F10}.Debug|Any CPU.Build.0 = Debug|Any CPU
		{38C7D57E-2F7D-4D88-8E07-253773DC0F10}.Release|Any CPU.ActiveCfg = Release|Any CPU
		{38C7D57E-2F7D-4D88-8E07-253773DC0F10}.Release|Any CPU.Build.0 = Release|Any CPU
	EndGlobalSection
	GlobalSection(SolutionProperties) = preSolution
		HideSolutionNode = FALSE
	EndGlobalSection
EndGlobal
