
Microsoft Visual Studio Solution File, Format Version 12.00
# Visual Studio 2012
Project("{FAE04EC0-301F-11D3-BF4B-00C04F79EFBC}") = "05.CSS-LESS", "05.CSS-LESS\05.CSS-LESS.csproj", "{0A0C2099-A50F-4227-BE52-089A7474E0F0}"
EndProject
Global
	GlobalSection(SolutionConfigurationPlatforms) = preSolution
		Debug|Any CPU = Debug|Any CPU
		Release|Any CPU = Release|Any CPU
	EndGlobalSection
	GlobalSection(ProjectConfigurationPlatforms) = postSolution
		{0A0C2099-A50F-4227-BE52-089A7474E0F0}.Debug|Any CPU.ActiveCfg = Debug|Any CPU
		{0A0C2099-A50F-4227-BE52-089A7474E0F0}.Debug|Any CPU.Build.0 = Debug|Any CPU
		{0A0C2099-A50F-4227-BE52-089A7474E0F0}.Release|Any CPU.ActiveCfg = Release|Any CPU
		{0A0C2099-A50F-4227-BE52-089A7474E0F0}.Release|Any CPU.Build.0 = Release|Any CPU
	EndGlobalSection
	GlobalSection(SolutionProperties) = preSolution
		HideSolutionNode = FALSE
	EndGlobalSection
EndGlobal
