
Microsoft Visual Studio Solution File, Format Version 12.00
# Visual Studio 2013
VisualStudioVersion = 12.0.21005.1
MinimumVisualStudioVersion = 10.0.40219.1
Project("{FAE04EC0-301F-11D3-BF4B-00C04F79EFBC}") = "01.RefactorSizeClassTask", "01.RefactorSizeClassTask\01.RefactorSizeClassTask.csproj", "{610DCA68-1A5C-42D7-BDDC-67A0E6F62EC1}"
EndProject
Project("{FAE04EC0-301F-11D3-BF4B-00C04F79EFBC}") = "02.RefactoreStatisticsMethod", "02.RefactoreStatisticsMethod\02.RefactoreStatisticsMethod.csproj", "{17CFD516-C2B8-4B28-9E3E-5574C8E9B01A}"
EndProject
Global
	GlobalSection(SolutionConfigurationPlatforms) = preSolution
		Debug|Any CPU = Debug|Any CPU
		Release|Any CPU = Release|Any CPU
	EndGlobalSection
	GlobalSection(ProjectConfigurationPlatforms) = postSolution
		{610DCA68-1A5C-42D7-BDDC-67A0E6F62EC1}.Debug|Any CPU.ActiveCfg = Debug|Any CPU
		{610DCA68-1A5C-42D7-BDDC-67A0E6F62EC1}.Debug|Any CPU.Build.0 = Debug|Any CPU
		{610DCA68-1A5C-42D7-BDDC-67A0E6F62EC1}.Release|Any CPU.ActiveCfg = Release|Any CPU
		{610DCA68-1A5C-42D7-BDDC-67A0E6F62EC1}.Release|Any CPU.Build.0 = Release|Any CPU
		{17CFD516-C2B8-4B28-9E3E-5574C8E9B01A}.Debug|Any CPU.ActiveCfg = Debug|Any CPU
		{17CFD516-C2B8-4B28-9E3E-5574C8E9B01A}.Debug|Any CPU.Build.0 = Debug|Any CPU
		{17CFD516-C2B8-4B28-9E3E-5574C8E9B01A}.Release|Any CPU.ActiveCfg = Release|Any CPU
		{17CFD516-C2B8-4B28-9E3E-5574C8E9B01A}.Release|Any CPU.Build.0 = Release|Any CPU
	EndGlobalSection
	GlobalSection(SolutionProperties) = preSolution
		HideSolutionNode = FALSE
	EndGlobalSection
EndGlobal
