
Microsoft Visual Studio Solution File, Format Version 12.00
# Visual Studio 2013
VisualStudioVersion = 12.0.21005.1
MinimumVisualStudioVersion = 10.0.40219.1
Project("{FAE04EC0-301F-11D3-BF4B-00C04F79EFBC}") = "01.Event-Code-Formatting", "01.Event-Code-Formatting\01.Event-Code-Formatting.csproj", "{B5DA7CCD-180D-4F18-A2D5-86952405F364}"
EndProject
Project("{FAE04EC0-301F-11D3-BF4B-00C04F79EFBC}") = "02.JavaScript-Code-Formatting", "02.JavaScript-Code-Formatting\02.JavaScript-Code-Formatting.csproj", "{037FC38C-7608-4B54-A1DE-683FDD87CE9D}"
EndProject
Global
	GlobalSection(SolutionConfigurationPlatforms) = preSolution
		Debug|Any CPU = Debug|Any CPU
		Release|Any CPU = Release|Any CPU
	EndGlobalSection
	GlobalSection(ProjectConfigurationPlatforms) = postSolution
		{B5DA7CCD-180D-4F18-A2D5-86952405F364}.Debug|Any CPU.ActiveCfg = Debug|Any CPU
		{B5DA7CCD-180D-4F18-A2D5-86952405F364}.Debug|Any CPU.Build.0 = Debug|Any CPU
		{B5DA7CCD-180D-4F18-A2D5-86952405F364}.Release|Any CPU.ActiveCfg = Release|Any CPU
		{B5DA7CCD-180D-4F18-A2D5-86952405F364}.Release|Any CPU.Build.0 = Release|Any CPU
		{037FC38C-7608-4B54-A1DE-683FDD87CE9D}.Debug|Any CPU.ActiveCfg = Debug|Any CPU
		{037FC38C-7608-4B54-A1DE-683FDD87CE9D}.Debug|Any CPU.Build.0 = Debug|Any CPU
		{037FC38C-7608-4B54-A1DE-683FDD87CE9D}.Release|Any CPU.ActiveCfg = Release|Any CPU
		{037FC38C-7608-4B54-A1DE-683FDD87CE9D}.Release|Any CPU.Build.0 = Release|Any CPU
	EndGlobalSection
	GlobalSection(SolutionProperties) = preSolution
		HideSolutionNode = FALSE
	EndGlobalSection
EndGlobal
