
Microsoft Visual Studio Solution File, Format Version 12.00
# Visual Studio Express 2012 for Windows Desktop
Project("{FAE04EC0-301F-11D3-BF4B-00C04F79EFBC}") = "01.DeclareFiveVariables", "1.DeclareFiveVariables\01.DeclareFiveVariables.csproj", "{BD9EF65D-6557-4AD9-90EB-3495AAF0B61C}"
EndProject
Project("{FAE04EC0-301F-11D3-BF4B-00C04F79EFBC}") = "02.DoubleOrFloat", "2.DoubleOrFloat\02.DoubleOrFloat.csproj", "{8D6CAA3B-81E1-4B3E-9A9B-E1E016804A89}"
EndProject
Project("{FAE04EC0-301F-11D3-BF4B-00C04F79EFBC}") = "03.CompareFloatingPointNumbers", "3.CompareFloatingPointNumbers\03.CompareFloatingPointNumbers.csproj", "{3FDA7B4D-29A1-4BE5-8F49-460420C5F31C}"
EndProject
Project("{FAE04EC0-301F-11D3-BF4B-00C04F79EFBC}") = "04.DeclareIntInHex", "4.DeclareIntInHex\04.DeclareIntInHex.csproj", "{02CB1887-FEA7-4C49-8D02-43140CC3B824}"
EndProject
Project("{FAE04EC0-301F-11D3-BF4B-00C04F79EFBC}") = "05.SymbolInUnicode", "5.SymbolInUnicode\05.SymbolInUnicode.csproj", "{27CFD1B3-4AB1-4FEB-BF7E-3FA7860A9C65}"
EndProject
Project("{FAE04EC0-301F-11D3-BF4B-00C04F79EFBC}") = "06.MyGender", "6.MyGender\06.MyGender.csproj", "{3C52E8F7-92CE-41CF-A77A-1079E31E0AD8}"
EndProject
Project("{FAE04EC0-301F-11D3-BF4B-00C04F79EFBC}") = "07.StringObjectTypeCasting", "7.StringObjectTypeCasting\07.StringObjectTypeCasting.csproj", "{AC536ADC-E428-48A3-B383-C5B60DE9B601}"
EndProject
Project("{FAE04EC0-301F-11D3-BF4B-00C04F79EFBC}") = "08.QuotedStrings", "8.QuotedStrings\08.QuotedStrings.csproj", "{CA1FEE0C-BC2F-466E-8324-42B417658579}"
EndProject
Project("{FAE04EC0-301F-11D3-BF4B-00C04F79EFBC}") = "09.IsoscelesTriangle", "9.IsoscelesTriangle\09.IsoscelesTriangle.csproj", "{DE04E4D3-E608-4F90-B6D5-E382A242B930}"
EndProject
Project("{FAE04EC0-301F-11D3-BF4B-00C04F79EFBC}") = "10.MarketingFirm", "10.MarketingFirm\10.MarketingFirm.csproj", "{7813A8A9-EE68-43A2-81B1-56DCCB26B397}"
EndProject
Project("{FAE04EC0-301F-11D3-BF4B-00C04F79EFBC}") = "11.IntExchangeValues", "11.IntExchangeValues\11.IntExchangeValues.csproj", "{BC24DB94-3A14-49D4-84D7-BDB57420FC09}"
EndProject
Project("{FAE04EC0-301F-11D3-BF4B-00C04F79EFBC}") = "12.ASCIIcharPrint", "12.ASCIIcharPrint\12.ASCIIcharPrint.csproj", "{A0C8B1A3-DA2D-48B5-A792-E6C1A553E727}"
EndProject
Project("{FAE04EC0-301F-11D3-BF4B-00C04F79EFBC}") = "13.NullValueToInt", "13.NullValueToInt\13.NullValueToInt.csproj", "{793FD895-0107-4348-9CC6-A39261F975F6}"
EndProject
Project("{FAE04EC0-301F-11D3-BF4B-00C04F79EFBC}") = "14.BankAccount", "14.BankAccount\14.BankAccount.csproj", "{29BD1B13-67D7-48F3-9A04-61246DFD5543}"
EndProject
Global
	GlobalSection(SolutionConfigurationPlatforms) = preSolution
		Debug|Any CPU = Debug|Any CPU
		Release|Any CPU = Release|Any CPU
	EndGlobalSection
	GlobalSection(ProjectConfigurationPlatforms) = postSolution
		{BD9EF65D-6557-4AD9-90EB-3495AAF0B61C}.Debug|Any CPU.ActiveCfg = Debug|Any CPU
		{BD9EF65D-6557-4AD9-90EB-3495AAF0B61C}.Debug|Any CPU.Build.0 = Debug|Any CPU
		{BD9EF65D-6557-4AD9-90EB-3495AAF0B61C}.Release|Any CPU.ActiveCfg = Release|Any CPU
		{BD9EF65D-6557-4AD9-90EB-3495AAF0B61C}.Release|Any CPU.Build.0 = Release|Any CPU
		{8D6CAA3B-81E1-4B3E-9A9B-E1E016804A89}.Debug|Any CPU.ActiveCfg = Debug|Any CPU
		{8D6CAA3B-81E1-4B3E-9A9B-E1E016804A89}.Debug|Any CPU.Build.0 = Debug|Any CPU
		{8D6CAA3B-81E1-4B3E-9A9B-E1E016804A89}.Release|Any CPU.ActiveCfg = Release|Any CPU
		{8D6CAA3B-81E1-4B3E-9A9B-E1E016804A89}.Release|Any CPU.Build.0 = Release|Any CPU
		{3FDA7B4D-29A1-4BE5-8F49-460420C5F31C}.Debug|Any CPU.ActiveCfg = Debug|Any CPU
		{3FDA7B4D-29A1-4BE5-8F49-460420C5F31C}.Debug|Any CPU.Build.0 = Debug|Any CPU
		{3FDA7B4D-29A1-4BE5-8F49-460420C5F31C}.Release|Any CPU.ActiveCfg = Release|Any CPU
		{3FDA7B4D-29A1-4BE5-8F49-460420C5F31C}.Release|Any CPU.Build.0 = Release|Any CPU
		{02CB1887-FEA7-4C49-8D02-43140CC3B824}.Debug|Any CPU.ActiveCfg = Debug|Any CPU
		{02CB1887-FEA7-4C49-8D02-43140CC3B824}.Debug|Any CPU.Build.0 = Debug|Any CPU
		{02CB1887-FEA7-4C49-8D02-43140CC3B824}.Release|Any CPU.ActiveCfg = Release|Any CPU
		{02CB1887-FEA7-4C49-8D02-43140CC3B824}.Release|Any CPU.Build.0 = Release|Any CPU
		{27CFD1B3-4AB1-4FEB-BF7E-3FA7860A9C65}.Debug|Any CPU.ActiveCfg = Debug|Any CPU
		{27CFD1B3-4AB1-4FEB-BF7E-3FA7860A9C65}.Debug|Any CPU.Build.0 = Debug|Any CPU
		{27CFD1B3-4AB1-4FEB-BF7E-3FA7860A9C65}.Release|Any CPU.ActiveCfg = Release|Any CPU
		{27CFD1B3-4AB1-4FEB-BF7E-3FA7860A9C65}.Release|Any CPU.Build.0 = Release|Any CPU
		{3C52E8F7-92CE-41CF-A77A-1079E31E0AD8}.Debug|Any CPU.ActiveCfg = Debug|Any CPU
		{3C52E8F7-92CE-41CF-A77A-1079E31E0AD8}.Debug|Any CPU.Build.0 = Debug|Any CPU
		{3C52E8F7-92CE-41CF-A77A-1079E31E0AD8}.Release|Any CPU.ActiveCfg = Release|Any CPU
		{3C52E8F7-92CE-41CF-A77A-1079E31E0AD8}.Release|Any CPU.Build.0 = Release|Any CPU
		{AC536ADC-E428-48A3-B383-C5B60DE9B601}.Debug|Any CPU.ActiveCfg = Debug|Any CPU
		{AC536ADC-E428-48A3-B383-C5B60DE9B601}.Debug|Any CPU.Build.0 = Debug|Any CPU
		{AC536ADC-E428-48A3-B383-C5B60DE9B601}.Release|Any CPU.ActiveCfg = Release|Any CPU
		{AC536ADC-E428-48A3-B383-C5B60DE9B601}.Release|Any CPU.Build.0 = Release|Any CPU
		{CA1FEE0C-BC2F-466E-8324-42B417658579}.Debug|Any CPU.ActiveCfg = Debug|Any CPU
		{CA1FEE0C-BC2F-466E-8324-42B417658579}.Debug|Any CPU.Build.0 = Debug|Any CPU
		{CA1FEE0C-BC2F-466E-8324-42B417658579}.Release|Any CPU.ActiveCfg = Release|Any CPU
		{CA1FEE0C-BC2F-466E-8324-42B417658579}.Release|Any CPU.Build.0 = Release|Any CPU
		{DE04E4D3-E608-4F90-B6D5-E382A242B930}.Debug|Any CPU.ActiveCfg = Debug|Any CPU
		{DE04E4D3-E608-4F90-B6D5-E382A242B930}.Debug|Any CPU.Build.0 = Debug|Any CPU
		{DE04E4D3-E608-4F90-B6D5-E382A242B930}.Release|Any CPU.ActiveCfg = Release|Any CPU
		{DE04E4D3-E608-4F90-B6D5-E382A242B930}.Release|Any CPU.Build.0 = Release|Any CPU
		{7813A8A9-EE68-43A2-81B1-56DCCB26B397}.Debug|Any CPU.ActiveCfg = Debug|Any CPU
		{7813A8A9-EE68-43A2-81B1-56DCCB26B397}.Debug|Any CPU.Build.0 = Debug|Any CPU
		{7813A8A9-EE68-43A2-81B1-56DCCB26B397}.Release|Any CPU.ActiveCfg = Release|Any CPU
		{7813A8A9-EE68-43A2-81B1-56DCCB26B397}.Release|Any CPU.Build.0 = Release|Any CPU
		{BC24DB94-3A14-49D4-84D7-BDB57420FC09}.Debug|Any CPU.ActiveCfg = Debug|Any CPU
		{BC24DB94-3A14-49D4-84D7-BDB57420FC09}.Debug|Any CPU.Build.0 = Debug|Any CPU
		{BC24DB94-3A14-49D4-84D7-BDB57420FC09}.Release|Any CPU.ActiveCfg = Release|Any CPU
		{BC24DB94-3A14-49D4-84D7-BDB57420FC09}.Release|Any CPU.Build.0 = Release|Any CPU
		{A0C8B1A3-DA2D-48B5-A792-E6C1A553E727}.Debug|Any CPU.ActiveCfg = Debug|Any CPU
		{A0C8B1A3-DA2D-48B5-A792-E6C1A553E727}.Debug|Any CPU.Build.0 = Debug|Any CPU
		{A0C8B1A3-DA2D-48B5-A792-E6C1A553E727}.Release|Any CPU.ActiveCfg = Release|Any CPU
		{A0C8B1A3-DA2D-48B5-A792-E6C1A553E727}.Release|Any CPU.Build.0 = Release|Any CPU
		{793FD895-0107-4348-9CC6-A39261F975F6}.Debug|Any CPU.ActiveCfg = Debug|Any CPU
		{793FD895-0107-4348-9CC6-A39261F975F6}.Debug|Any CPU.Build.0 = Debug|Any CPU
		{793FD895-0107-4348-9CC6-A39261F975F6}.Release|Any CPU.ActiveCfg = Release|Any CPU
		{793FD895-0107-4348-9CC6-A39261F975F6}.Release|Any CPU.Build.0 = Release|Any CPU
		{29BD1B13-67D7-48F3-9A04-61246DFD5543}.Debug|Any CPU.ActiveCfg = Debug|Any CPU
		{29BD1B13-67D7-48F3-9A04-61246DFD5543}.Debug|Any CPU.Build.0 = Debug|Any CPU
		{29BD1B13-67D7-48F3-9A04-61246DFD5543}.Release|Any CPU.ActiveCfg = Release|Any CPU
		{29BD1B13-67D7-48F3-9A04-61246DFD5543}.Release|Any CPU.Build.0 = Release|Any CPU
	EndGlobalSection
	GlobalSection(SolutionProperties) = preSolution
		HideSolutionNode = FALSE
	EndGlobalSection
EndGlobal
