
Microsoft Visual Studio Solution File, Format Version 12.00
# Visual Studio 2012
Project("{FAE04EC0-301F-11D3-BF4B-00C04F79EFBC}") = "01.PrintNumbersOneToTen", "01.PrintNumbersOneToTen\01.PrintNumbersOneToTen.csproj", "{90EDB1B7-F1EB-4051-B3ED-7A5AD78EAFCC}"
EndProject
Project("{FAE04EC0-301F-11D3-BF4B-00C04F79EFBC}") = "02.OneToNNotDivisableBy3And7", "02.OneToNNotDivisableBy3And7\02.OneToNNotDivisableBy3And7.csproj", "{FF59BEFB-E57C-467E-B72E-DE50180AB917}"
EndProject
Project("{FAE04EC0-301F-11D3-BF4B-00C04F79EFBC}") = "03.ReadNReturnMaxMin", "03.ReadNReturnMaxMin\03.ReadNReturnMaxMin.csproj", "{EA7B14BE-E186-40A2-BD85-59A20B01B1DF}"
EndProject
Project("{FAE04EC0-301F-11D3-BF4B-00C04F79EFBC}") = "04.NKFaktorial", "04.NKFaktorial\04.NKFaktorial.csproj", "{710D573C-0C98-401F-8B79-4F95BB1E7F0A}"
EndProject
Project("{FAE04EC0-301F-11D3-BF4B-00C04F79EFBC}") = "05.NKFaktorialHarder", "05.NKFaktorialHarder\05.NKFaktorialHarder.csproj", "{E5E2B143-D20A-4D6F-B3CB-99A1AB9A380E}"
EndProject
Project("{FAE04EC0-301F-11D3-BF4B-00C04F79EFBC}") = "06.NAndX", "06.NAndX\06.NAndX.csproj", "{B256748D-B7EC-479A-B9BD-185F00D0B047}"
EndProject
Project("{FAE04EC0-301F-11D3-BF4B-00C04F79EFBC}") = "07.FirstNMembersOfFibonacci", "07.FirstNMembersOfFibonacci\07.FirstNMembersOfFibonacci.csproj", "{639E98DF-BE48-44BC-98DD-4BB266FA005C}"
EndProject
Project("{FAE04EC0-301F-11D3-BF4B-00C04F79EFBC}") = "08.GreatestCommonDivisor", "08.GreatestCommonDivisor\08.GreatestCommonDivisor.csproj", "{2C0DE399-F148-4DE5-B685-9F7B7CC65FC0}"
EndProject
Project("{FAE04EC0-301F-11D3-BF4B-00C04F79EFBC}") = "09-10.CatalanSum", "09.CatalanSum\09-10.CatalanSum.csproj", "{E27667BE-046E-4529-B08F-EA5C91F0EBAB}"
EndProject
Project("{FAE04EC0-301F-11D3-BF4B-00C04F79EFBC}") = "11.AllOfTheCard", "11.AllOfTheCard\11.AllOfTheCard.csproj", "{D23F9828-B5A5-4CBF-8897-E72C3D5386BB}"
EndProject
Project("{FAE04EC0-301F-11D3-BF4B-00C04F79EFBC}") = "12.Matrix", "12.matrix\12.Matrix.csproj", "{A4773657-58E9-4467-A049-98461532B639}"
EndProject
Project("{FAE04EC0-301F-11D3-BF4B-00C04F79EFBC}") = "13.TrailingZeroes", "12.TrailingZeroes\13.TrailingZeroes.csproj", "{6C743B11-E047-47CE-8D38-F595154DFC2E}"
EndProject
Project("{FAE04EC0-301F-11D3-BF4B-00C04F79EFBC}") = "14.SpiralMatrix", "14.SpiralMatrix\14.SpiralMatrix.csproj", "{397C218B-0E0E-44F7-BF35-8B400274434F}"
EndProject
Global
	GlobalSection(SolutionConfigurationPlatforms) = preSolution
		Debug|Any CPU = Debug|Any CPU
		Release|Any CPU = Release|Any CPU
	EndGlobalSection
	GlobalSection(ProjectConfigurationPlatforms) = postSolution
		{90EDB1B7-F1EB-4051-B3ED-7A5AD78EAFCC}.Debug|Any CPU.ActiveCfg = Debug|Any CPU
		{90EDB1B7-F1EB-4051-B3ED-7A5AD78EAFCC}.Debug|Any CPU.Build.0 = Debug|Any CPU
		{90EDB1B7-F1EB-4051-B3ED-7A5AD78EAFCC}.Release|Any CPU.ActiveCfg = Release|Any CPU
		{90EDB1B7-F1EB-4051-B3ED-7A5AD78EAFCC}.Release|Any CPU.Build.0 = Release|Any CPU
		{FF59BEFB-E57C-467E-B72E-DE50180AB917}.Debug|Any CPU.ActiveCfg = Debug|Any CPU
		{FF59BEFB-E57C-467E-B72E-DE50180AB917}.Debug|Any CPU.Build.0 = Debug|Any CPU
		{FF59BEFB-E57C-467E-B72E-DE50180AB917}.Release|Any CPU.ActiveCfg = Release|Any CPU
		{FF59BEFB-E57C-467E-B72E-DE50180AB917}.Release|Any CPU.Build.0 = Release|Any CPU
		{EA7B14BE-E186-40A2-BD85-59A20B01B1DF}.Debug|Any CPU.ActiveCfg = Debug|Any CPU
		{EA7B14BE-E186-40A2-BD85-59A20B01B1DF}.Debug|Any CPU.Build.0 = Debug|Any CPU
		{EA7B14BE-E186-40A2-BD85-59A20B01B1DF}.Release|Any CPU.ActiveCfg = Release|Any CPU
		{EA7B14BE-E186-40A2-BD85-59A20B01B1DF}.Release|Any CPU.Build.0 = Release|Any CPU
		{710D573C-0C98-401F-8B79-4F95BB1E7F0A}.Debug|Any CPU.ActiveCfg = Debug|Any CPU
		{710D573C-0C98-401F-8B79-4F95BB1E7F0A}.Debug|Any CPU.Build.0 = Debug|Any CPU
		{710D573C-0C98-401F-8B79-4F95BB1E7F0A}.Release|Any CPU.ActiveCfg = Release|Any CPU
		{710D573C-0C98-401F-8B79-4F95BB1E7F0A}.Release|Any CPU.Build.0 = Release|Any CPU
		{E5E2B143-D20A-4D6F-B3CB-99A1AB9A380E}.Debug|Any CPU.ActiveCfg = Debug|Any CPU
		{E5E2B143-D20A-4D6F-B3CB-99A1AB9A380E}.Debug|Any CPU.Build.0 = Debug|Any CPU
		{E5E2B143-D20A-4D6F-B3CB-99A1AB9A380E}.Release|Any CPU.ActiveCfg = Release|Any CPU
		{E5E2B143-D20A-4D6F-B3CB-99A1AB9A380E}.Release|Any CPU.Build.0 = Release|Any CPU
		{B256748D-B7EC-479A-B9BD-185F00D0B047}.Debug|Any CPU.ActiveCfg = Debug|Any CPU
		{B256748D-B7EC-479A-B9BD-185F00D0B047}.Debug|Any CPU.Build.0 = Debug|Any CPU
		{B256748D-B7EC-479A-B9BD-185F00D0B047}.Release|Any CPU.ActiveCfg = Release|Any CPU
		{B256748D-B7EC-479A-B9BD-185F00D0B047}.Release|Any CPU.Build.0 = Release|Any CPU
		{639E98DF-BE48-44BC-98DD-4BB266FA005C}.Debug|Any CPU.ActiveCfg = Debug|Any CPU
		{639E98DF-BE48-44BC-98DD-4BB266FA005C}.Debug|Any CPU.Build.0 = Debug|Any CPU
		{639E98DF-BE48-44BC-98DD-4BB266FA005C}.Release|Any CPU.ActiveCfg = Release|Any CPU
		{639E98DF-BE48-44BC-98DD-4BB266FA005C}.Release|Any CPU.Build.0 = Release|Any CPU
		{2C0DE399-F148-4DE5-B685-9F7B7CC65FC0}.Debug|Any CPU.ActiveCfg = Debug|Any CPU
		{2C0DE399-F148-4DE5-B685-9F7B7CC65FC0}.Debug|Any CPU.Build.0 = Debug|Any CPU
		{2C0DE399-F148-4DE5-B685-9F7B7CC65FC0}.Release|Any CPU.ActiveCfg = Release|Any CPU
		{2C0DE399-F148-4DE5-B685-9F7B7CC65FC0}.Release|Any CPU.Build.0 = Release|Any CPU
		{E27667BE-046E-4529-B08F-EA5C91F0EBAB}.Debug|Any CPU.ActiveCfg = Debug|Any CPU
		{E27667BE-046E-4529-B08F-EA5C91F0EBAB}.Debug|Any CPU.Build.0 = Debug|Any CPU
		{E27667BE-046E-4529-B08F-EA5C91F0EBAB}.Release|Any CPU.ActiveCfg = Release|Any CPU
		{E27667BE-046E-4529-B08F-EA5C91F0EBAB}.Release|Any CPU.Build.0 = Release|Any CPU
		{D23F9828-B5A5-4CBF-8897-E72C3D5386BB}.Debug|Any CPU.ActiveCfg = Debug|Any CPU
		{D23F9828-B5A5-4CBF-8897-E72C3D5386BB}.Debug|Any CPU.Build.0 = Debug|Any CPU
		{D23F9828-B5A5-4CBF-8897-E72C3D5386BB}.Release|Any CPU.ActiveCfg = Release|Any CPU
		{D23F9828-B5A5-4CBF-8897-E72C3D5386BB}.Release|Any CPU.Build.0 = Release|Any CPU
		{A4773657-58E9-4467-A049-98461532B639}.Debug|Any CPU.ActiveCfg = Debug|Any CPU
		{A4773657-58E9-4467-A049-98461532B639}.Debug|Any CPU.Build.0 = Debug|Any CPU
		{A4773657-58E9-4467-A049-98461532B639}.Release|Any CPU.ActiveCfg = Release|Any CPU
		{A4773657-58E9-4467-A049-98461532B639}.Release|Any CPU.Build.0 = Release|Any CPU
		{6C743B11-E047-47CE-8D38-F595154DFC2E}.Debug|Any CPU.ActiveCfg = Debug|Any CPU
		{6C743B11-E047-47CE-8D38-F595154DFC2E}.Debug|Any CPU.Build.0 = Debug|Any CPU
		{6C743B11-E047-47CE-8D38-F595154DFC2E}.Release|Any CPU.ActiveCfg = Release|Any CPU
		{6C743B11-E047-47CE-8D38-F595154DFC2E}.Release|Any CPU.Build.0 = Release|Any CPU
		{397C218B-0E0E-44F7-BF35-8B400274434F}.Debug|Any CPU.ActiveCfg = Debug|Any CPU
		{397C218B-0E0E-44F7-BF35-8B400274434F}.Debug|Any CPU.Build.0 = Debug|Any CPU
		{397C218B-0E0E-44F7-BF35-8B400274434F}.Release|Any CPU.ActiveCfg = Release|Any CPU
		{397C218B-0E0E-44F7-BF35-8B400274434F}.Release|Any CPU.Build.0 = Release|Any CPU
	EndGlobalSection
	GlobalSection(SolutionProperties) = preSolution
		HideSolutionNode = FALSE
	EndGlobalSection
EndGlobal
