
Microsoft Visual Studio Solution File, Format Version 12.00
# Visual Studio 2012
Project("{FAE04EC0-301F-11D3-BF4B-00C04F79EFBC}") = "01.ExamineTwoIntegersWithIf", "01.ExamineTwoIntegersWithIf\01.ExamineTwoIntegersWithIf.csproj", "{591032E1-C0AC-4CCB-A3E6-9D24E35C4E79}"
EndProject
Project("{FAE04EC0-301F-11D3-BF4B-00C04F79EFBC}") = "02.ProductOfThreeRealNumbers", "2.ProductOfThreeRealNumbers\02.ProductOfThreeRealNumbers.csproj", "{F66492BF-BC56-4F20-A7D0-957B5A97D435}"
EndProject
Project("{FAE04EC0-301F-11D3-BF4B-00C04F79EFBC}") = "03.BiggestOfThree", "03.BiggestOfThree\03.BiggestOfThree.csproj", "{F97BBD21-91DB-4700-96C2-CFBA49CB835B}"
EndProject
Project("{FAE04EC0-301F-11D3-BF4B-00C04F79EFBC}") = "04.SortDescending", "04.SortDescending\04.SortDescending.csproj", "{C7DB0CCF-D648-47B4-A6D2-5C67F1EECE98}"
EndProject
Project("{FAE04EC0-301F-11D3-BF4B-00C04F79EFBC}") = "05.DigitName", "05.DigitName\05.DigitName.csproj", "{EF44CF00-2BDE-4B38-9B6A-66CA95E54B8B}"
EndProject
Project("{FAE04EC0-301F-11D3-BF4B-00C04F79EFBC}") = "06.TheQuadraticEquation", "06.TheQuadraticEquasion\06.TheQuadraticEquation.csproj", "{C61D5AE5-805F-415A-9CEA-889E94F10EBE}"
EndProject
Project("{FAE04EC0-301F-11D3-BF4B-00C04F79EFBC}") = "07.TheGreatestOfFive", "07.TheGreatestOfFive\07.TheGreatestOfFive.csproj", "{0E74640C-DD83-4226-A20D-B25143998ED7}"
EndProject
Project("{FAE04EC0-301F-11D3-BF4B-00C04F79EFBC}") = "08.UserChoice", "08.UserChoice\08.UserChoice.csproj", "{59514EF2-E5CB-4190-B460-EF664E9F1C9D}"
EndProject
Project("{FAE04EC0-301F-11D3-BF4B-00C04F79EFBC}") = "09.SubsetSumZero", "09.SubsetSumZero\09.SubsetSumZero.csproj", "{E495230B-9712-475A-A83F-ECC78D01B0C7}"
EndProject
Project("{FAE04EC0-301F-11D3-BF4B-00C04F79EFBC}") = "11.NumberToText", "11.NumberTotext\11.NumberToText.csproj", "{4D7460FC-D2DC-4412-AB6B-40FA8B62FF0A}"
EndProject
Project("{FAE04EC0-301F-11D3-BF4B-00C04F79EFBC}") = "10.MultiplyScore", "10.MultiplyScore\10.MultiplyScore.csproj", "{5AE4D14C-6255-4E79-9FCD-3524FE411DDD}"
EndProject
Global
	GlobalSection(SolutionConfigurationPlatforms) = preSolution
		Debug|Any CPU = Debug|Any CPU
		Release|Any CPU = Release|Any CPU
	EndGlobalSection
	GlobalSection(ProjectConfigurationPlatforms) = postSolution
		{591032E1-C0AC-4CCB-A3E6-9D24E35C4E79}.Debug|Any CPU.ActiveCfg = Debug|Any CPU
		{591032E1-C0AC-4CCB-A3E6-9D24E35C4E79}.Debug|Any CPU.Build.0 = Debug|Any CPU
		{591032E1-C0AC-4CCB-A3E6-9D24E35C4E79}.Release|Any CPU.ActiveCfg = Release|Any CPU
		{591032E1-C0AC-4CCB-A3E6-9D24E35C4E79}.Release|Any CPU.Build.0 = Release|Any CPU
		{F66492BF-BC56-4F20-A7D0-957B5A97D435}.Debug|Any CPU.ActiveCfg = Debug|Any CPU
		{F66492BF-BC56-4F20-A7D0-957B5A97D435}.Debug|Any CPU.Build.0 = Debug|Any CPU
		{F66492BF-BC56-4F20-A7D0-957B5A97D435}.Release|Any CPU.ActiveCfg = Release|Any CPU
		{F66492BF-BC56-4F20-A7D0-957B5A97D435}.Release|Any CPU.Build.0 = Release|Any CPU
		{F97BBD21-91DB-4700-96C2-CFBA49CB835B}.Debug|Any CPU.ActiveCfg = Debug|Any CPU
		{F97BBD21-91DB-4700-96C2-CFBA49CB835B}.Debug|Any CPU.Build.0 = Debug|Any CPU
		{F97BBD21-91DB-4700-96C2-CFBA49CB835B}.Release|Any CPU.ActiveCfg = Release|Any CPU
		{F97BBD21-91DB-4700-96C2-CFBA49CB835B}.Release|Any CPU.Build.0 = Release|Any CPU
		{C7DB0CCF-D648-47B4-A6D2-5C67F1EECE98}.Debug|Any CPU.ActiveCfg = Debug|Any CPU
		{C7DB0CCF-D648-47B4-A6D2-5C67F1EECE98}.Debug|Any CPU.Build.0 = Debug|Any CPU
		{C7DB0CCF-D648-47B4-A6D2-5C67F1EECE98}.Release|Any CPU.ActiveCfg = Release|Any CPU
		{C7DB0CCF-D648-47B4-A6D2-5C67F1EECE98}.Release|Any CPU.Build.0 = Release|Any CPU
		{EF44CF00-2BDE-4B38-9B6A-66CA95E54B8B}.Debug|Any CPU.ActiveCfg = Debug|Any CPU
		{EF44CF00-2BDE-4B38-9B6A-66CA95E54B8B}.Debug|Any CPU.Build.0 = Debug|Any CPU
		{EF44CF00-2BDE-4B38-9B6A-66CA95E54B8B}.Release|Any CPU.ActiveCfg = Release|Any CPU
		{EF44CF00-2BDE-4B38-9B6A-66CA95E54B8B}.Release|Any CPU.Build.0 = Release|Any CPU
		{C61D5AE5-805F-415A-9CEA-889E94F10EBE}.Debug|Any CPU.ActiveCfg = Debug|Any CPU
		{C61D5AE5-805F-415A-9CEA-889E94F10EBE}.Debug|Any CPU.Build.0 = Debug|Any CPU
		{C61D5AE5-805F-415A-9CEA-889E94F10EBE}.Release|Any CPU.ActiveCfg = Release|Any CPU
		{C61D5AE5-805F-415A-9CEA-889E94F10EBE}.Release|Any CPU.Build.0 = Release|Any CPU
		{0E74640C-DD83-4226-A20D-B25143998ED7}.Debug|Any CPU.ActiveCfg = Debug|Any CPU
		{0E74640C-DD83-4226-A20D-B25143998ED7}.Debug|Any CPU.Build.0 = Debug|Any CPU
		{0E74640C-DD83-4226-A20D-B25143998ED7}.Release|Any CPU.ActiveCfg = Release|Any CPU
		{0E74640C-DD83-4226-A20D-B25143998ED7}.Release|Any CPU.Build.0 = Release|Any CPU
		{59514EF2-E5CB-4190-B460-EF664E9F1C9D}.Debug|Any CPU.ActiveCfg = Debug|Any CPU
		{59514EF2-E5CB-4190-B460-EF664E9F1C9D}.Debug|Any CPU.Build.0 = Debug|Any CPU
		{59514EF2-E5CB-4190-B460-EF664E9F1C9D}.Release|Any CPU.ActiveCfg = Release|Any CPU
		{59514EF2-E5CB-4190-B460-EF664E9F1C9D}.Release|Any CPU.Build.0 = Release|Any CPU
		{E495230B-9712-475A-A83F-ECC78D01B0C7}.Debug|Any CPU.ActiveCfg = Debug|Any CPU
		{E495230B-9712-475A-A83F-ECC78D01B0C7}.Debug|Any CPU.Build.0 = Debug|Any CPU
		{E495230B-9712-475A-A83F-ECC78D01B0C7}.Release|Any CPU.ActiveCfg = Release|Any CPU
		{E495230B-9712-475A-A83F-ECC78D01B0C7}.Release|Any CPU.Build.0 = Release|Any CPU
		{4D7460FC-D2DC-4412-AB6B-40FA8B62FF0A}.Debug|Any CPU.ActiveCfg = Debug|Any CPU
		{4D7460FC-D2DC-4412-AB6B-40FA8B62FF0A}.Debug|Any CPU.Build.0 = Debug|Any CPU
		{4D7460FC-D2DC-4412-AB6B-40FA8B62FF0A}.Release|Any CPU.ActiveCfg = Release|Any CPU
		{4D7460FC-D2DC-4412-AB6B-40FA8B62FF0A}.Release|Any CPU.Build.0 = Release|Any CPU
		{5AE4D14C-6255-4E79-9FCD-3524FE411DDD}.Debug|Any CPU.ActiveCfg = Debug|Any CPU
		{5AE4D14C-6255-4E79-9FCD-3524FE411DDD}.Debug|Any CPU.Build.0 = Debug|Any CPU
		{5AE4D14C-6255-4E79-9FCD-3524FE411DDD}.Release|Any CPU.ActiveCfg = Release|Any CPU
		{5AE4D14C-6255-4E79-9FCD-3524FE411DDD}.Release|Any CPU.Build.0 = Release|Any CPU
	EndGlobalSection
	GlobalSection(SolutionProperties) = preSolution
		HideSolutionNode = FALSE
	EndGlobalSection
EndGlobal
