
Microsoft Visual Studio Solution File, Format Version 12.00
# Visual Studio 2012
Project("{FAE04EC0-301F-11D3-BF4B-00C04F79EFBC}") = "01.TryCalculateSquareRoot", "01.TryCalculateSquareRoot\01.TryCalculateSquareRoot.csproj", "{D400775E-C571-44AF-AB48-94C512503D5E}"
EndProject
Project("{FAE04EC0-301F-11D3-BF4B-00C04F79EFBC}") = "02.TenNumbers", "02.TenNumbers\02.TenNumbers.csproj", "{B2C227A9-739C-4B8E-9288-07D7F49E0963}"
EndProject
Project("{FAE04EC0-301F-11D3-BF4B-00C04F79EFBC}") = "03.ReadAndPrintAFile", "03.ReadAndPrintAFile\03.ReadAndPrintAFile.csproj", "{CBDECDAE-C4A9-4D43-93A4-260A492C507E}"
EndProject
Project("{FAE04EC0-301F-11D3-BF4B-00C04F79EFBC}") = "04.DownloadAFile", "04.DownloadAFile\04.DownloadAFile.csproj", "{1E04611B-6048-4CF7-B0B8-9E8E51D60002}"
EndProject
Global
	GlobalSection(SolutionConfigurationPlatforms) = preSolution
		Debug|Any CPU = Debug|Any CPU
		Release|Any CPU = Release|Any CPU
	EndGlobalSection
	GlobalSection(ProjectConfigurationPlatforms) = postSolution
		{D400775E-C571-44AF-AB48-94C512503D5E}.Debug|Any CPU.ActiveCfg = Debug|Any CPU
		{D400775E-C571-44AF-AB48-94C512503D5E}.Debug|Any CPU.Build.0 = Debug|Any CPU
		{D400775E-C571-44AF-AB48-94C512503D5E}.Release|Any CPU.ActiveCfg = Release|Any CPU
		{D400775E-C571-44AF-AB48-94C512503D5E}.Release|Any CPU.Build.0 = Release|Any CPU
		{B2C227A9-739C-4B8E-9288-07D7F49E0963}.Debug|Any CPU.ActiveCfg = Debug|Any CPU
		{B2C227A9-739C-4B8E-9288-07D7F49E0963}.Debug|Any CPU.Build.0 = Debug|Any CPU
		{B2C227A9-739C-4B8E-9288-07D7F49E0963}.Release|Any CPU.ActiveCfg = Release|Any CPU
		{B2C227A9-739C-4B8E-9288-07D7F49E0963}.Release|Any CPU.Build.0 = Release|Any CPU
		{CBDECDAE-C4A9-4D43-93A4-260A492C507E}.Debug|Any CPU.ActiveCfg = Debug|Any CPU
		{CBDECDAE-C4A9-4D43-93A4-260A492C507E}.Debug|Any CPU.Build.0 = Debug|Any CPU
		{CBDECDAE-C4A9-4D43-93A4-260A492C507E}.Release|Any CPU.ActiveCfg = Release|Any CPU
		{CBDECDAE-C4A9-4D43-93A4-260A492C507E}.Release|Any CPU.Build.0 = Release|Any CPU
		{1E04611B-6048-4CF7-B0B8-9E8E51D60002}.Debug|Any CPU.ActiveCfg = Debug|Any CPU
		{1E04611B-6048-4CF7-B0B8-9E8E51D60002}.Debug|Any CPU.Build.0 = Debug|Any CPU
		{1E04611B-6048-4CF7-B0B8-9E8E51D60002}.Release|Any CPU.ActiveCfg = Release|Any CPU
		{1E04611B-6048-4CF7-B0B8-9E8E51D60002}.Release|Any CPU.Build.0 = Release|Any CPU
	EndGlobalSection
	GlobalSection(SolutionProperties) = preSolution
		HideSolutionNode = FALSE
	EndGlobalSection
EndGlobal
