
Microsoft Visual Studio Solution File, Format Version 12.00
# Visual Studio 2013
VisualStudioVersion = 12.0.21005.1
MinimumVisualStudioVersion = 10.0.40219.1
Project("{E24C65DC-7377-472B-9ABA-BC803B73C61A}") = "03.CSS-Layout", "http://localhost:10786", "{B73F9A17-CBCA-474A-B78B-44D698BC62BB}"
	ProjectSection(WebsiteProperties) = preProject
		UseIISExpress = "true"
		TargetFrameworkMoniker = ".NETFramework,Version%3Dv4.0"
		Debug.AspNetCompiler.VirtualPath = "/localhost_10786"
		Debug.AspNetCompiler.PhysicalPath = "..\03.CSS-Layout\"
		Debug.AspNetCompiler.TargetPath = "PrecompiledWeb\localhost_10786\"
		Debug.AspNetCompiler.Updateable = "true"
		Debug.AspNetCompiler.ForceOverwrite = "true"
		Debug.AspNetCompiler.FixedNames = "false"
		Debug.AspNetCompiler.Debug = "True"
		Release.AspNetCompiler.VirtualPath = "/localhost_10786"
		Release.AspNetCompiler.PhysicalPath = "..\03.CSS-Layout\"
		Release.AspNetCompiler.TargetPath = "PrecompiledWeb\localhost_10786\"
		Release.AspNetCompiler.Updateable = "true"
		Release.AspNetCompiler.ForceOverwrite = "true"
		Release.AspNetCompiler.FixedNames = "false"
		Release.AspNetCompiler.Debug = "False"
		SlnRelativePath = "..\03.CSS-Layout\"
	EndProjectSection
EndProject
Global
	GlobalSection(SolutionConfigurationPlatforms) = preSolution
		Debug|Any CPU = Debug|Any CPU
	EndGlobalSection
	GlobalSection(ProjectConfigurationPlatforms) = postSolution
		{B73F9A17-CBCA-474A-B78B-44D698BC62BB}.Debug|Any CPU.ActiveCfg = Debug|Any CPU
		{B73F9A17-CBCA-474A-B78B-44D698BC62BB}.Debug|Any CPU.Build.0 = Debug|Any CPU
	EndGlobalSection
	GlobalSection(SolutionProperties) = preSolution
		HideSolutionNode = FALSE
	EndGlobalSection
EndGlobal
