
Microsoft Visual Studio Solution File, Format Version 12.00
# Visual Studio Express 2012 for Windows Desktop
Project("{FAE04EC0-301F-11D3-BF4B-00C04F79EFBC}") = "02.HelloCSharpApp", "2.HelloCSharpApp\02.HelloCSharpApp.csproj", "{1A4EEE08-0539-4CBD-BD6A-36A38E832C3E}"
EndProject
Project("{FAE04EC0-301F-11D3-BF4B-00C04F79EFBC}") = "03.PrintMyName", "3.PrintMyName\03.PrintMyName.csproj", "{8042E5BB-49A7-4724-A6A2-C69FEE8CB9ED}"
EndProject
Project("{FAE04EC0-301F-11D3-BF4B-00C04F79EFBC}") = "04.PrintNumbersTo1001", "4.PrintNumbersTo1001\04.PrintNumbersTo1001.csproj", "{9CDB79B6-88AD-46E9-A391-FC693753BEF0}"
EndProject
Project("{FAE04EC0-301F-11D3-BF4B-00C04F79EFBC}") = "06.FirstAndLastName", "6.FirstAndLastName\06.FirstAndLastName.csproj", "{B39AE7F0-B157-47B8-852C-C02E0F069A3E}"
EndProject
Project("{FAE04EC0-301F-11D3-BF4B-00C04F79EFBC}") = "07.CurrentDateTime", "7.CurrentDateTime\07.CurrentDateTime.csproj", "{FDE2FB88-5E7B-43A5-98EC-35EF43EB9ACD}"
EndProject
Project("{FAE04EC0-301F-11D3-BF4B-00C04F79EFBC}") = "09.FirstTenMembers", "9.FirstTenMembers\09.FirstTenMembers.csproj", "{29E5B257-4455-4765-8A45-151BD32C768F}"
EndProject
Project("{FAE04EC0-301F-11D3-BF4B-00C04F79EFBC}") = "08.SquareOf12345", "8.SquareOf12345\08.SquareOf12345.csproj", "{8E963F95-67A8-46A1-A1AA-EB520A798484}"
EndProject
Project("{FAE04EC0-301F-11D3-BF4B-00C04F79EFBC}") = "12.HowOldAfter10", "12.HowOldAfter10\12.HowOldAfter10.csproj", "{D2CD1C4A-6882-4C22-9DAA-2A616F6B7DF2}"
EndProject
Global
	GlobalSection(SolutionConfigurationPlatforms) = preSolution
		Debug|Any CPU = Debug|Any CPU
		Release|Any CPU = Release|Any CPU
	EndGlobalSection
	GlobalSection(ProjectConfigurationPlatforms) = postSolution
		{1A4EEE08-0539-4CBD-BD6A-36A38E832C3E}.Debug|Any CPU.ActiveCfg = Debug|Any CPU
		{1A4EEE08-0539-4CBD-BD6A-36A38E832C3E}.Debug|Any CPU.Build.0 = Debug|Any CPU
		{1A4EEE08-0539-4CBD-BD6A-36A38E832C3E}.Release|Any CPU.ActiveCfg = Release|Any CPU
		{1A4EEE08-0539-4CBD-BD6A-36A38E832C3E}.Release|Any CPU.Build.0 = Release|Any CPU
		{8042E5BB-49A7-4724-A6A2-C69FEE8CB9ED}.Debug|Any CPU.ActiveCfg = Debug|Any CPU
		{8042E5BB-49A7-4724-A6A2-C69FEE8CB9ED}.Debug|Any CPU.Build.0 = Debug|Any CPU
		{8042E5BB-49A7-4724-A6A2-C69FEE8CB9ED}.Release|Any CPU.ActiveCfg = Release|Any CPU
		{8042E5BB-49A7-4724-A6A2-C69FEE8CB9ED}.Release|Any CPU.Build.0 = Release|Any CPU
		{9CDB79B6-88AD-46E9-A391-FC693753BEF0}.Debug|Any CPU.ActiveCfg = Debug|Any CPU
		{9CDB79B6-88AD-46E9-A391-FC693753BEF0}.Debug|Any CPU.Build.0 = Debug|Any CPU
		{9CDB79B6-88AD-46E9-A391-FC693753BEF0}.Release|Any CPU.ActiveCfg = Release|Any CPU
		{9CDB79B6-88AD-46E9-A391-FC693753BEF0}.Release|Any CPU.Build.0 = Release|Any CPU
		{B39AE7F0-B157-47B8-852C-C02E0F069A3E}.Debug|Any CPU.ActiveCfg = Debug|Any CPU
		{B39AE7F0-B157-47B8-852C-C02E0F069A3E}.Debug|Any CPU.Build.0 = Debug|Any CPU
		{B39AE7F0-B157-47B8-852C-C02E0F069A3E}.Release|Any CPU.ActiveCfg = Release|Any CPU
		{B39AE7F0-B157-47B8-852C-C02E0F069A3E}.Release|Any CPU.Build.0 = Release|Any CPU
		{FDE2FB88-5E7B-43A5-98EC-35EF43EB9ACD}.Debug|Any CPU.ActiveCfg = Debug|Any CPU
		{FDE2FB88-5E7B-43A5-98EC-35EF43EB9ACD}.Debug|Any CPU.Build.0 = Debug|Any CPU
		{FDE2FB88-5E7B-43A5-98EC-35EF43EB9ACD}.Release|Any CPU.ActiveCfg = Release|Any CPU
		{FDE2FB88-5E7B-43A5-98EC-35EF43EB9ACD}.Release|Any CPU.Build.0 = Release|Any CPU
		{29E5B257-4455-4765-8A45-151BD32C768F}.Debug|Any CPU.ActiveCfg = Debug|Any CPU
		{29E5B257-4455-4765-8A45-151BD32C768F}.Debug|Any CPU.Build.0 = Debug|Any CPU
		{29E5B257-4455-4765-8A45-151BD32C768F}.Release|Any CPU.ActiveCfg = Release|Any CPU
		{29E5B257-4455-4765-8A45-151BD32C768F}.Release|Any CPU.Build.0 = Release|Any CPU
		{8E963F95-67A8-46A1-A1AA-EB520A798484}.Debug|Any CPU.ActiveCfg = Debug|Any CPU
		{8E963F95-67A8-46A1-A1AA-EB520A798484}.Debug|Any CPU.Build.0 = Debug|Any CPU
		{8E963F95-67A8-46A1-A1AA-EB520A798484}.Release|Any CPU.ActiveCfg = Release|Any CPU
		{8E963F95-67A8-46A1-A1AA-EB520A798484}.Release|Any CPU.Build.0 = Release|Any CPU
		{D2CD1C4A-6882-4C22-9DAA-2A616F6B7DF2}.Debug|Any CPU.ActiveCfg = Debug|Any CPU
		{D2CD1C4A-6882-4C22-9DAA-2A616F6B7DF2}.Debug|Any CPU.Build.0 = Debug|Any CPU
		{D2CD1C4A-6882-4C22-9DAA-2A616F6B7DF2}.Release|Any CPU.ActiveCfg = Release|Any CPU
		{D2CD1C4A-6882-4C22-9DAA-2A616F6B7DF2}.Release|Any CPU.Build.0 = Release|Any CPU
	EndGlobalSection
	GlobalSection(SolutionProperties) = preSolution
		HideSolutionNode = FALSE
	EndGlobalSection
EndGlobal
