
Microsoft Visual Studio Solution File, Format Version 12.00
# Visual Studio 2012
Project("{FAE04EC0-301F-11D3-BF4B-00C04F79EFBC}") = "01.DecimalToBinary", "01.DecimalToBinary\01.DecimalToBinary.csproj", "{4E0ABF7A-314A-4630-86F2-D5D54B27946B}"
EndProject
Project("{FAE04EC0-301F-11D3-BF4B-00C04F79EFBC}") = "02.BinaryToDecimal", "02.BinaryToDecimal\02.BinaryToDecimal.csproj", "{73702FCA-957C-4A65-A6DA-871DA0EB8632}"
EndProject
Project("{FAE04EC0-301F-11D3-BF4B-00C04F79EFBC}") = "03.DecimalToHexadecimal", "03.DecimalToHexadecimal\03.DecimalToHexadecimal.csproj", "{7CA21B6E-0D86-4F4E-B0B7-60DC64963C00}"
EndProject
Project("{FAE04EC0-301F-11D3-BF4B-00C04F79EFBC}") = "04.HexadeciamalToDecimal", "04.HexadeciamalToDecimal\04.HexadeciamalToDecimal.csproj", "{9968C398-6C84-4169-8F32-2C1B83C0ED4F}"
EndProject
Project("{FAE04EC0-301F-11D3-BF4B-00C04F79EFBC}") = "05.HexadecimalToBinary", "05.HexadecimalToBinary\05.HexadecimalToBinary.csproj", "{811312AB-470B-4D33-A52B-9843FB41216D}"
EndProject
Project("{FAE04EC0-301F-11D3-BF4B-00C04F79EFBC}") = "06.BinaryToHexadecimal", "06.BinaryToHexadecimal\06.BinaryToHexadecimal.csproj", "{C1267343-5BBA-47F7-88F4-4FFBA6699AED}"
EndProject
Project("{FAE04EC0-301F-11D3-BF4B-00C04F79EFBC}") = "07.UniversalConverterNumericalSystems", "07.UniversalConverterNumericalSystems\07.UniversalConverterNumericalSystems.csproj", "{9933F95E-492C-483B-9768-F8D5B220B330}"
EndProject
Project("{FAE04EC0-301F-11D3-BF4B-00C04F79EFBC}") = "08.BinaryRepresentationOfShort", "08.BinaryRepresentationOfShort\08.BinaryRepresentationOfShort.csproj", "{23A3CA1A-BA52-4302-8C73-5BE55C9F0227}"
EndProject
Project("{FAE04EC0-301F-11D3-BF4B-00C04F79EFBC}") = "09.BinaryFloatingPoint", "09.BinaryFloatingPoint\09.BinaryFloatingPoint.csproj", "{DC8EEA3C-B791-405F-A11E-46E436EC6094}"
EndProject
Global
	GlobalSection(SolutionConfigurationPlatforms) = preSolution
		Debug|Any CPU = Debug|Any CPU
		Release|Any CPU = Release|Any CPU
	EndGlobalSection
	GlobalSection(ProjectConfigurationPlatforms) = postSolution
		{4E0ABF7A-314A-4630-86F2-D5D54B27946B}.Debug|Any CPU.ActiveCfg = Debug|Any CPU
		{4E0ABF7A-314A-4630-86F2-D5D54B27946B}.Debug|Any CPU.Build.0 = Debug|Any CPU
		{4E0ABF7A-314A-4630-86F2-D5D54B27946B}.Release|Any CPU.ActiveCfg = Release|Any CPU
		{4E0ABF7A-314A-4630-86F2-D5D54B27946B}.Release|Any CPU.Build.0 = Release|Any CPU
		{73702FCA-957C-4A65-A6DA-871DA0EB8632}.Debug|Any CPU.ActiveCfg = Debug|Any CPU
		{73702FCA-957C-4A65-A6DA-871DA0EB8632}.Debug|Any CPU.Build.0 = Debug|Any CPU
		{73702FCA-957C-4A65-A6DA-871DA0EB8632}.Release|Any CPU.ActiveCfg = Release|Any CPU
		{73702FCA-957C-4A65-A6DA-871DA0EB8632}.Release|Any CPU.Build.0 = Release|Any CPU
		{7CA21B6E-0D86-4F4E-B0B7-60DC64963C00}.Debug|Any CPU.ActiveCfg = Debug|Any CPU
		{7CA21B6E-0D86-4F4E-B0B7-60DC64963C00}.Debug|Any CPU.Build.0 = Debug|Any CPU
		{7CA21B6E-0D86-4F4E-B0B7-60DC64963C00}.Release|Any CPU.ActiveCfg = Release|Any CPU
		{7CA21B6E-0D86-4F4E-B0B7-60DC64963C00}.Release|Any CPU.Build.0 = Release|Any CPU
		{9968C398-6C84-4169-8F32-2C1B83C0ED4F}.Debug|Any CPU.ActiveCfg = Debug|Any CPU
		{9968C398-6C84-4169-8F32-2C1B83C0ED4F}.Debug|Any CPU.Build.0 = Debug|Any CPU
		{9968C398-6C84-4169-8F32-2C1B83C0ED4F}.Release|Any CPU.ActiveCfg = Release|Any CPU
		{9968C398-6C84-4169-8F32-2C1B83C0ED4F}.Release|Any CPU.Build.0 = Release|Any CPU
		{811312AB-470B-4D33-A52B-9843FB41216D}.Debug|Any CPU.ActiveCfg = Debug|Any CPU
		{811312AB-470B-4D33-A52B-9843FB41216D}.Debug|Any CPU.Build.0 = Debug|Any CPU
		{811312AB-470B-4D33-A52B-9843FB41216D}.Release|Any CPU.ActiveCfg = Release|Any CPU
		{811312AB-470B-4D33-A52B-9843FB41216D}.Release|Any CPU.Build.0 = Release|Any CPU
		{C1267343-5BBA-47F7-88F4-4FFBA6699AED}.Debug|Any CPU.ActiveCfg = Debug|Any CPU
		{C1267343-5BBA-47F7-88F4-4FFBA6699AED}.Debug|Any CPU.Build.0 = Debug|Any CPU
		{C1267343-5BBA-47F7-88F4-4FFBA6699AED}.Release|Any CPU.ActiveCfg = Release|Any CPU
		{C1267343-5BBA-47F7-88F4-4FFBA6699AED}.Release|Any CPU.Build.0 = Release|Any CPU
		{9933F95E-492C-483B-9768-F8D5B220B330}.Debug|Any CPU.ActiveCfg = Debug|Any CPU
		{9933F95E-492C-483B-9768-F8D5B220B330}.Debug|Any CPU.Build.0 = Debug|Any CPU
		{9933F95E-492C-483B-9768-F8D5B220B330}.Release|Any CPU.ActiveCfg = Release|Any CPU
		{9933F95E-492C-483B-9768-F8D5B220B330}.Release|Any CPU.Build.0 = Release|Any CPU
		{23A3CA1A-BA52-4302-8C73-5BE55C9F0227}.Debug|Any CPU.ActiveCfg = Debug|Any CPU
		{23A3CA1A-BA52-4302-8C73-5BE55C9F0227}.Debug|Any CPU.Build.0 = Debug|Any CPU
		{23A3CA1A-BA52-4302-8C73-5BE55C9F0227}.Release|Any CPU.ActiveCfg = Release|Any CPU
		{23A3CA1A-BA52-4302-8C73-5BE55C9F0227}.Release|Any CPU.Build.0 = Release|Any CPU
		{DC8EEA3C-B791-405F-A11E-46E436EC6094}.Debug|Any CPU.ActiveCfg = Debug|Any CPU
		{DC8EEA3C-B791-405F-A11E-46E436EC6094}.Debug|Any CPU.Build.0 = Debug|Any CPU
		{DC8EEA3C-B791-405F-A11E-46E436EC6094}.Release|Any CPU.ActiveCfg = Release|Any CPU
		{DC8EEA3C-B791-405F-A11E-46E436EC6094}.Release|Any CPU.Build.0 = Release|Any CPU
	EndGlobalSection
	GlobalSection(SolutionProperties) = preSolution
		HideSolutionNode = FALSE
	EndGlobalSection
EndGlobal
