
Microsoft Visual Studio Solution File, Format Version 12.00
# Visual Studio 2012
Project("{FAE04EC0-301F-11D3-BF4B-00C04F79EFBC}") = "10.SumWithPrecision", "10.SumWithPrecision\10.SumWithPrecision.csproj", "{AA5156CE-E819-4DA4-8A7B-36B1907CAF70}"
EndProject
Project("{FAE04EC0-301F-11D3-BF4B-00C04F79EFBC}") = "01.ReadThreeIntPrintSum", "01.ReadThreeIntPrintSum\01.ReadThreeIntPrintSum.csproj", "{C4A7E7AD-CB90-401C-A746-7C466BA24D1C}"
EndProject
Project("{FAE04EC0-301F-11D3-BF4B-00C04F79EFBC}") = "02.CirclePerimeterAndArrea", "02.CirclePerimeterAndArrea\02.CirclePerimeterAndArrea.csproj", "{B7230569-2C18-4B5F-B871-10554124E54C}"
EndProject
Project("{FAE04EC0-301F-11D3-BF4B-00C04F79EFBC}") = "03.CompanyAndManger", "03.CompanyAndManger\03.CompanyAndManger.csproj", "{661C24AC-402E-4471-BB4D-1D581CDF74CB}"
EndProject
Project("{FAE04EC0-301F-11D3-BF4B-00C04F79EFBC}") = "04.HowManyNumbersDivideBy5", "04.HowManyNumbersDivideBy5\04.HowManyNumbersDivideBy5.csproj", "{42179EE8-168F-4674-9CB8-E015C79DF8E1}"
EndProject
Project("{FAE04EC0-301F-11D3-BF4B-00C04F79EFBC}") = "05.PrintGreaterWithoutIf", "05.PrintGreaterWithoutIf\05.PrintGreaterWithoutIf.csproj", "{C824C8F5-B1DD-4B61-9AAB-9284EA7492EE}"
EndProject
Project("{FAE04EC0-301F-11D3-BF4B-00C04F79EFBC}") = "06.QuadraticEquasion", "06.QuadraticEquasion\06.QuadraticEquasion.csproj", "{DFF1B2A1-4D50-4A23-952C-F0FF800425D0}"
EndProject
Project("{FAE04EC0-301F-11D3-BF4B-00C04F79EFBC}") = "07.NumberN", "07.NumberN\07.NumberN.csproj", "{3B041161-DEEA-4443-8F00-48AE366DD7A6}"
EndProject
Project("{FAE04EC0-301F-11D3-BF4B-00C04F79EFBC}") = "08.PrintAllToN", "08.PrintAllToN\08.PrintAllToN.csproj", "{11DE5798-9CFC-42F8-BFAF-691DAAD37EC0}"
EndProject
Project("{FAE04EC0-301F-11D3-BF4B-00C04F79EFBC}") = "09.FirstHundredFibonacci", "09.FirstHundredFibonacci\09.FirstHundredFibonacci.csproj", "{34AEFE67-645E-428B-85E7-0B163293ECC5}"
EndProject
Project("{FAE04EC0-301F-11D3-BF4B-00C04F79EFBC}") = "11.FallingRocks", "11.FallingRocks\11.FallingRocks.csproj", "{34CEFCB6-8474-4559-84D7-1C0D17A92EB5}"
EndProject
Global
	GlobalSection(SolutionConfigurationPlatforms) = preSolution
		Debug|Any CPU = Debug|Any CPU
		Release|Any CPU = Release|Any CPU
	EndGlobalSection
	GlobalSection(ProjectConfigurationPlatforms) = postSolution
		{AA5156CE-E819-4DA4-8A7B-36B1907CAF70}.Debug|Any CPU.ActiveCfg = Debug|Any CPU
		{AA5156CE-E819-4DA4-8A7B-36B1907CAF70}.Debug|Any CPU.Build.0 = Debug|Any CPU
		{AA5156CE-E819-4DA4-8A7B-36B1907CAF70}.Release|Any CPU.ActiveCfg = Release|Any CPU
		{AA5156CE-E819-4DA4-8A7B-36B1907CAF70}.Release|Any CPU.Build.0 = Release|Any CPU
		{C4A7E7AD-CB90-401C-A746-7C466BA24D1C}.Debug|Any CPU.ActiveCfg = Debug|Any CPU
		{C4A7E7AD-CB90-401C-A746-7C466BA24D1C}.Debug|Any CPU.Build.0 = Debug|Any CPU
		{C4A7E7AD-CB90-401C-A746-7C466BA24D1C}.Release|Any CPU.ActiveCfg = Release|Any CPU
		{C4A7E7AD-CB90-401C-A746-7C466BA24D1C}.Release|Any CPU.Build.0 = Release|Any CPU
		{B7230569-2C18-4B5F-B871-10554124E54C}.Debug|Any CPU.ActiveCfg = Debug|Any CPU
		{B7230569-2C18-4B5F-B871-10554124E54C}.Debug|Any CPU.Build.0 = Debug|Any CPU
		{B7230569-2C18-4B5F-B871-10554124E54C}.Release|Any CPU.ActiveCfg = Release|Any CPU
		{B7230569-2C18-4B5F-B871-10554124E54C}.Release|Any CPU.Build.0 = Release|Any CPU
		{661C24AC-402E-4471-BB4D-1D581CDF74CB}.Debug|Any CPU.ActiveCfg = Debug|Any CPU
		{661C24AC-402E-4471-BB4D-1D581CDF74CB}.Debug|Any CPU.Build.0 = Debug|Any CPU
		{661C24AC-402E-4471-BB4D-1D581CDF74CB}.Release|Any CPU.ActiveCfg = Release|Any CPU
		{661C24AC-402E-4471-BB4D-1D581CDF74CB}.Release|Any CPU.Build.0 = Release|Any CPU
		{42179EE8-168F-4674-9CB8-E015C79DF8E1}.Debug|Any CPU.ActiveCfg = Debug|Any CPU
		{42179EE8-168F-4674-9CB8-E015C79DF8E1}.Debug|Any CPU.Build.0 = Debug|Any CPU
		{42179EE8-168F-4674-9CB8-E015C79DF8E1}.Release|Any CPU.ActiveCfg = Release|Any CPU
		{42179EE8-168F-4674-9CB8-E015C79DF8E1}.Release|Any CPU.Build.0 = Release|Any CPU
		{C824C8F5-B1DD-4B61-9AAB-9284EA7492EE}.Debug|Any CPU.ActiveCfg = Debug|Any CPU
		{C824C8F5-B1DD-4B61-9AAB-9284EA7492EE}.Debug|Any CPU.Build.0 = Debug|Any CPU
		{C824C8F5-B1DD-4B61-9AAB-9284EA7492EE}.Release|Any CPU.ActiveCfg = Release|Any CPU
		{C824C8F5-B1DD-4B61-9AAB-9284EA7492EE}.Release|Any CPU.Build.0 = Release|Any CPU
		{DFF1B2A1-4D50-4A23-952C-F0FF800425D0}.Debug|Any CPU.ActiveCfg = Debug|Any CPU
		{DFF1B2A1-4D50-4A23-952C-F0FF800425D0}.Debug|Any CPU.Build.0 = Debug|Any CPU
		{DFF1B2A1-4D50-4A23-952C-F0FF800425D0}.Release|Any CPU.ActiveCfg = Release|Any CPU
		{DFF1B2A1-4D50-4A23-952C-F0FF800425D0}.Release|Any CPU.Build.0 = Release|Any CPU
		{3B041161-DEEA-4443-8F00-48AE366DD7A6}.Debug|Any CPU.ActiveCfg = Debug|Any CPU
		{3B041161-DEEA-4443-8F00-48AE366DD7A6}.Debug|Any CPU.Build.0 = Debug|Any CPU
		{3B041161-DEEA-4443-8F00-48AE366DD7A6}.Release|Any CPU.ActiveCfg = Release|Any CPU
		{3B041161-DEEA-4443-8F00-48AE366DD7A6}.Release|Any CPU.Build.0 = Release|Any CPU
		{11DE5798-9CFC-42F8-BFAF-691DAAD37EC0}.Debug|Any CPU.ActiveCfg = Debug|Any CPU
		{11DE5798-9CFC-42F8-BFAF-691DAAD37EC0}.Debug|Any CPU.Build.0 = Debug|Any CPU
		{11DE5798-9CFC-42F8-BFAF-691DAAD37EC0}.Release|Any CPU.ActiveCfg = Release|Any CPU
		{11DE5798-9CFC-42F8-BFAF-691DAAD37EC0}.Release|Any CPU.Build.0 = Release|Any CPU
		{34AEFE67-645E-428B-85E7-0B163293ECC5}.Debug|Any CPU.ActiveCfg = Debug|Any CPU
		{34AEFE67-645E-428B-85E7-0B163293ECC5}.Debug|Any CPU.Build.0 = Debug|Any CPU
		{34AEFE67-645E-428B-85E7-0B163293ECC5}.Release|Any CPU.ActiveCfg = Release|Any CPU
		{34AEFE67-645E-428B-85E7-0B163293ECC5}.Release|Any CPU.Build.0 = Release|Any CPU
		{34CEFCB6-8474-4559-84D7-1C0D17A92EB5}.Debug|Any CPU.ActiveCfg = Debug|Any CPU
		{34CEFCB6-8474-4559-84D7-1C0D17A92EB5}.Debug|Any CPU.Build.0 = Debug|Any CPU
		{34CEFCB6-8474-4559-84D7-1C0D17A92EB5}.Release|Any CPU.ActiveCfg = Release|Any CPU
		{34CEFCB6-8474-4559-84D7-1C0D17A92EB5}.Release|Any CPU.Build.0 = Release|Any CPU
	EndGlobalSection
	GlobalSection(SolutionProperties) = preSolution
		HideSolutionNode = FALSE
	EndGlobalSection
EndGlobal
